// !$*UTF8*$!
{
	archiveVersion = 1;
	classes = {
	};
	objectVersion = 54;
	objects = {

/* Begin PBXBuildFile section */
		2A8096F926AA46C70035BFB4 /* FetchableRequestTestCase.swift in Sources */ = {isa = PBXBuildFile; fileRef = 2A8096F826AA46C70035BFB4 /* FetchableRequestTestCase.swift */; };
		2A8096FA26AA46C70035BFB4 /* FetchableRequestTestCase.swift in Sources */ = {isa = PBXBuildFile; fileRef = 2A8096F826AA46C70035BFB4 /* FetchableRequestTestCase.swift */; };
		2A8096FB26AA46C70035BFB4 /* FetchableRequestTestCase.swift in Sources */ = {isa = PBXBuildFile; fileRef = 2A8096F826AA46C70035BFB4 /* FetchableRequestTestCase.swift */; };
		2A8096FC26AA46C70035BFB4 /* FetchableRequestTestCase.swift in Sources */ = {isa = PBXBuildFile; fileRef = 2A8096F826AA46C70035BFB4 /* FetchableRequestTestCase.swift */; };
		2A97F51426A8B43100027D90 /* Collections in Frameworks */ = {isa = PBXBuildFile; productRef = 2A97F51326A8B43100027D90 /* Collections */; };
		2A97F51726A8B44400027D90 /* Collections in Frameworks */ = {isa = PBXBuildFile; productRef = 2A97F51626A8B44400027D90 /* Collections */; };
		2A97F51926A8B44B00027D90 /* Collections in Frameworks */ = {isa = PBXBuildFile; productRef = 2A97F51826A8B44B00027D90 /* Collections */; };
		2A97F51B26A8B44F00027D90 /* Collections in Frameworks */ = {isa = PBXBuildFile; productRef = 2A97F51A26A8B44F00027D90 /* Collections */; };
		2AB9763026A7A8DC0086AA77 /* OrderedSetCompat.swift in Sources */ = {isa = PBXBuildFile; fileRef = 2AB9762F26A7A8DC0086AA77 /* OrderedSetCompat.swift */; };
		2AB9763126A7A8DC0086AA77 /* OrderedSetCompat.swift in Sources */ = {isa = PBXBuildFile; fileRef = 2AB9762F26A7A8DC0086AA77 /* OrderedSetCompat.swift */; };
		2AB9763226A7A8DC0086AA77 /* OrderedSetCompat.swift in Sources */ = {isa = PBXBuildFile; fileRef = 2AB9762F26A7A8DC0086AA77 /* OrderedSetCompat.swift */; };
		2AB9763326A7A8DC0086AA77 /* OrderedSetCompat.swift in Sources */ = {isa = PBXBuildFile; fileRef = 2AB9762F26A7A8DC0086AA77 /* OrderedSetCompat.swift */; };
		471C507622C6D0DC007F73E9 /* FetchRequests.framework in Frameworks */ = {isa = PBXBuildFile; fileRef = 471C506C22C6D0DB007F73E9 /* FetchRequests.framework */; };
		471C507D22C6D0DC007F73E9 /* FetchRequests.h in Headers */ = {isa = PBXBuildFile; fileRef = 471C506F22C6D0DB007F73E9 /* FetchRequests.h */; settings = {ATTRIBUTES = (Public, ); }; };
		471C509822C6D18D007F73E9 /* FetchedResultsControllerProtocol.swift in Sources */ = {isa = PBXBuildFile; fileRef = 471C508722C6D18D007F73E9 /* FetchedResultsControllerProtocol.swift */; };
		471C509922C6D18D007F73E9 /* Logging.swift in Sources */ = {isa = PBXBuildFile; fileRef = 471C508822C6D18D007F73E9 /* Logging.swift */; };
		471C509A22C6D18D007F73E9 /* ObservableToken.swift in Sources */ = {isa = PBXBuildFile; fileRef = 471C508922C6D18D007F73E9 /* ObservableToken.swift */; };
		471C509B22C6D18D007F73E9 /* AssociatedValueReference.swift in Sources */ = {isa = PBXBuildFile; fileRef = 471C508A22C6D18D007F73E9 /* AssociatedValueReference.swift */; };
		471C509C22C6D18D007F73E9 /* CollectionType+SortDescriptors.swift in Sources */ = {isa = PBXBuildFile; fileRef = 471C508B22C6D18D007F73E9 /* CollectionType+SortDescriptors.swift */; };
		471C509D22C6D18D007F73E9 /* PaginatingFetchDefinition.swift in Sources */ = {isa = PBXBuildFile; fileRef = 471C508C22C6D18D007F73E9 /* PaginatingFetchDefinition.swift */; };
		471C509E22C6D18D007F73E9 /* FetchRequestAssociation.swift in Sources */ = {isa = PBXBuildFile; fileRef = 471C508D22C6D18D007F73E9 /* FetchRequestAssociation.swift */; };
		471C509F22C6D18D007F73E9 /* CollapsibleSectionsFetchedResultsController.swift in Sources */ = {isa = PBXBuildFile; fileRef = 471C508E22C6D18D007F73E9 /* CollapsibleSectionsFetchedResultsController.swift */; };
		471C50A022C6D18D007F73E9 /* PausableFetchedResultsController.swift in Sources */ = {isa = PBXBuildFile; fileRef = 471C508F22C6D18D007F73E9 /* PausableFetchedResultsController.swift */; };
		471C50A122C6D18D007F73E9 /* FetchDefinition.swift in Sources */ = {isa = PBXBuildFile; fileRef = 471C509022C6D18D007F73E9 /* FetchDefinition.swift */; };
		471C50A222C6D18D007F73E9 /* FetchedResultsController.swift in Sources */ = {isa = PBXBuildFile; fileRef = 471C509122C6D18D007F73E9 /* FetchedResultsController.swift */; };
		471C50A422C6D18D007F73E9 /* FetchableObject.swift in Sources */ = {isa = PBXBuildFile; fileRef = 471C509322C6D18D007F73E9 /* FetchableObject.swift */; };
		471C50A522C6D18D007F73E9 /* FetchableEntityID.swift in Sources */ = {isa = PBXBuildFile; fileRef = 471C509422C6D18D007F73E9 /* FetchableEntityID.swift */; };
		471C50BC22C6D337007F73E9 /* FetchedResultsControllerTestHarness.swift in Sources */ = {isa = PBXBuildFile; fileRef = 471C50B022C6D337007F73E9 /* FetchedResultsControllerTestHarness.swift */; };
		471C50BE22C6D337007F73E9 /* TestObject.swift in Sources */ = {isa = PBXBuildFile; fileRef = 471C50B222C6D337007F73E9 /* TestObject.swift */; };
		471C50BF22C6D337007F73E9 /* FetchRequestAssociationTestCase.swift in Sources */ = {isa = PBXBuildFile; fileRef = 471C50B422C6D337007F73E9 /* FetchRequestAssociationTestCase.swift */; };
		471C50C022C6D337007F73E9 /* FetchableObjectProtocolTestCase.swift in Sources */ = {isa = PBXBuildFile; fileRef = 471C50B522C6D337007F73E9 /* FetchableObjectProtocolTestCase.swift */; };
		471C50C122C6D337007F73E9 /* TestObject+FetchableObject.swift in Sources */ = {isa = PBXBuildFile; fileRef = 471C50B622C6D337007F73E9 /* TestObject+FetchableObject.swift */; };
		47A6ECCE22CA8FA80034A854 /* FetchRequests.h in Headers */ = {isa = PBXBuildFile; fileRef = 471C506F22C6D0DB007F73E9 /* FetchRequests.h */; settings = {ATTRIBUTES = (Public, ); }; };
		47A6ECD022CA8FA80034A854 /* PaginatingFetchDefinition.swift in Sources */ = {isa = PBXBuildFile; fileRef = 471C508C22C6D18D007F73E9 /* PaginatingFetchDefinition.swift */; };
		47A6ECD122CA8FA80034A854 /* ObservableToken.swift in Sources */ = {isa = PBXBuildFile; fileRef = 471C508922C6D18D007F73E9 /* ObservableToken.swift */; };
		47A6ECD322CA8FA80034A854 /* AssociatedValueReference.swift in Sources */ = {isa = PBXBuildFile; fileRef = 471C508A22C6D18D007F73E9 /* AssociatedValueReference.swift */; };
		47A6ECD422CA8FA80034A854 /* CollapsibleSectionsFetchedResultsController.swift in Sources */ = {isa = PBXBuildFile; fileRef = 471C508E22C6D18D007F73E9 /* CollapsibleSectionsFetchedResultsController.swift */; };
		47A6ECD522CA8FA80034A854 /* FetchDefinition.swift in Sources */ = {isa = PBXBuildFile; fileRef = 471C509022C6D18D007F73E9 /* FetchDefinition.swift */; };
		47A6ECD622CA8FA80034A854 /* FetchedResultsControllerProtocol.swift in Sources */ = {isa = PBXBuildFile; fileRef = 471C508722C6D18D007F73E9 /* FetchedResultsControllerProtocol.swift */; };
		47A6ECD722CA8FA80034A854 /* FetchRequestAssociation.swift in Sources */ = {isa = PBXBuildFile; fileRef = 471C508D22C6D18D007F73E9 /* FetchRequestAssociation.swift */; };
		47A6ECD822CA8FA80034A854 /* FetchedResultsController.swift in Sources */ = {isa = PBXBuildFile; fileRef = 471C509122C6D18D007F73E9 /* FetchedResultsController.swift */; };
		47A6ECD922CA8FA80034A854 /* PausableFetchedResultsController.swift in Sources */ = {isa = PBXBuildFile; fileRef = 471C508F22C6D18D007F73E9 /* PausableFetchedResultsController.swift */; };
		47A6ECDA22CA8FA80034A854 /* CollectionType+SortDescriptors.swift in Sources */ = {isa = PBXBuildFile; fileRef = 471C508B22C6D18D007F73E9 /* CollectionType+SortDescriptors.swift */; };
		47A6ECDC22CA8FA80034A854 /* Logging.swift in Sources */ = {isa = PBXBuildFile; fileRef = 471C508822C6D18D007F73E9 /* Logging.swift */; };
		47A6ECDD22CA8FA80034A854 /* FetchableEntityID.swift in Sources */ = {isa = PBXBuildFile; fileRef = 471C509422C6D18D007F73E9 /* FetchableEntityID.swift */; };
		47A6ECDE22CA8FA80034A854 /* FetchableObject.swift in Sources */ = {isa = PBXBuildFile; fileRef = 471C509322C6D18D007F73E9 /* FetchableObject.swift */; };
		47A6ECFF22CA905A0034A854 /* FetchRequests.h in Headers */ = {isa = PBXBuildFile; fileRef = 471C506F22C6D0DB007F73E9 /* FetchRequests.h */; settings = {ATTRIBUTES = (Public, ); }; };
		47A6ED0122CA905A0034A854 /* PaginatingFetchDefinition.swift in Sources */ = {isa = PBXBuildFile; fileRef = 471C508C22C6D18D007F73E9 /* PaginatingFetchDefinition.swift */; };
		47A6ED0222CA905A0034A854 /* ObservableToken.swift in Sources */ = {isa = PBXBuildFile; fileRef = 471C508922C6D18D007F73E9 /* ObservableToken.swift */; };
		47A6ED0422CA905A0034A854 /* AssociatedValueReference.swift in Sources */ = {isa = PBXBuildFile; fileRef = 471C508A22C6D18D007F73E9 /* AssociatedValueReference.swift */; };
		47A6ED0522CA905A0034A854 /* CollapsibleSectionsFetchedResultsController.swift in Sources */ = {isa = PBXBuildFile; fileRef = 471C508E22C6D18D007F73E9 /* CollapsibleSectionsFetchedResultsController.swift */; };
		47A6ED0622CA905A0034A854 /* FetchDefinition.swift in Sources */ = {isa = PBXBuildFile; fileRef = 471C509022C6D18D007F73E9 /* FetchDefinition.swift */; };
		47A6ED0722CA905A0034A854 /* FetchedResultsControllerProtocol.swift in Sources */ = {isa = PBXBuildFile; fileRef = 471C508722C6D18D007F73E9 /* FetchedResultsControllerProtocol.swift */; };
		47A6ED0822CA905A0034A854 /* FetchRequestAssociation.swift in Sources */ = {isa = PBXBuildFile; fileRef = 471C508D22C6D18D007F73E9 /* FetchRequestAssociation.swift */; };
		47A6ED0922CA905A0034A854 /* FetchedResultsController.swift in Sources */ = {isa = PBXBuildFile; fileRef = 471C509122C6D18D007F73E9 /* FetchedResultsController.swift */; };
		47A6ED0A22CA905A0034A854 /* PausableFetchedResultsController.swift in Sources */ = {isa = PBXBuildFile; fileRef = 471C508F22C6D18D007F73E9 /* PausableFetchedResultsController.swift */; };
		47A6ED0B22CA905A0034A854 /* CollectionType+SortDescriptors.swift in Sources */ = {isa = PBXBuildFile; fileRef = 471C508B22C6D18D007F73E9 /* CollectionType+SortDescriptors.swift */; };
		47A6ED0D22CA905A0034A854 /* Logging.swift in Sources */ = {isa = PBXBuildFile; fileRef = 471C508822C6D18D007F73E9 /* Logging.swift */; };
		47A6ED0E22CA905A0034A854 /* FetchableEntityID.swift in Sources */ = {isa = PBXBuildFile; fileRef = 471C509422C6D18D007F73E9 /* FetchableEntityID.swift */; };
		47A6ED0F22CA905A0034A854 /* FetchableObject.swift in Sources */ = {isa = PBXBuildFile; fileRef = 471C509322C6D18D007F73E9 /* FetchableObject.swift */; };
		47A6ED1C22CA90640034A854 /* PaginatingFetchedResultsControllerTestCase.swift in Sources */ = {isa = PBXBuildFile; fileRef = 471C50AF22C6D337007F73E9 /* PaginatingFetchedResultsControllerTestCase.swift */; };
		47A6ED1D22CA90640034A854 /* TestObject+Associations.swift in Sources */ = {isa = PBXBuildFile; fileRef = 471C50B722C6D337007F73E9 /* TestObject+Associations.swift */; };
		47A6ED1E22CA90640034A854 /* CollapsibleSectionsFetchedResultsControllerTestCase.swift in Sources */ = {isa = PBXBuildFile; fileRef = 471C50AC22C6D337007F73E9 /* CollapsibleSectionsFetchedResultsControllerTestCase.swift */; };
		47A6ED1F22CA90640034A854 /* PausableFetchedResultsControllerTestCase.swift in Sources */ = {isa = PBXBuildFile; fileRef = 471C50AE22C6D337007F73E9 /* PausableFetchedResultsControllerTestCase.swift */; };
		47A6ED2022CA90640034A854 /* TestObject+FetchableObject.swift in Sources */ = {isa = PBXBuildFile; fileRef = 471C50B622C6D337007F73E9 /* TestObject+FetchableObject.swift */; };
		47A6ED2122CA90640034A854 /* FetchedResultsControllerTestHarness.swift in Sources */ = {isa = PBXBuildFile; fileRef = 471C50B022C6D337007F73E9 /* FetchedResultsControllerTestHarness.swift */; };
		47A6ED2222CA90640034A854 /* FetchRequestAssociationTestCase.swift in Sources */ = {isa = PBXBuildFile; fileRef = 471C50B422C6D337007F73E9 /* FetchRequestAssociationTestCase.swift */; };
		47A6ED2322CA90640034A854 /* FetchableObjectProtocolTestCase.swift in Sources */ = {isa = PBXBuildFile; fileRef = 471C50B522C6D337007F73E9 /* FetchableObjectProtocolTestCase.swift */; };
		47A6ED2422CA90640034A854 /* TestObject.swift in Sources */ = {isa = PBXBuildFile; fileRef = 471C50B222C6D337007F73E9 /* TestObject.swift */; };
		47A6ED2522CA90640034A854 /* FetchedResultsControllerTestCase.swift in Sources */ = {isa = PBXBuildFile; fileRef = 471C50B122C6D337007F73E9 /* FetchedResultsControllerTestCase.swift */; };
		47A6ED3022CA90A20034A854 /* FetchRequests.h in Headers */ = {isa = PBXBuildFile; fileRef = 471C506F22C6D0DB007F73E9 /* FetchRequests.h */; settings = {ATTRIBUTES = (Public, ); }; };
		47A6ED3222CA90A20034A854 /* PaginatingFetchDefinition.swift in Sources */ = {isa = PBXBuildFile; fileRef = 471C508C22C6D18D007F73E9 /* PaginatingFetchDefinition.swift */; };
		47A6ED3322CA90A20034A854 /* ObservableToken.swift in Sources */ = {isa = PBXBuildFile; fileRef = 471C508922C6D18D007F73E9 /* ObservableToken.swift */; };
		47A6ED3522CA90A20034A854 /* AssociatedValueReference.swift in Sources */ = {isa = PBXBuildFile; fileRef = 471C508A22C6D18D007F73E9 /* AssociatedValueReference.swift */; };
		47A6ED3622CA90A20034A854 /* CollapsibleSectionsFetchedResultsController.swift in Sources */ = {isa = PBXBuildFile; fileRef = 471C508E22C6D18D007F73E9 /* CollapsibleSectionsFetchedResultsController.swift */; };
		47A6ED3722CA90A20034A854 /* FetchDefinition.swift in Sources */ = {isa = PBXBuildFile; fileRef = 471C509022C6D18D007F73E9 /* FetchDefinition.swift */; };
		47A6ED3822CA90A20034A854 /* FetchedResultsControllerProtocol.swift in Sources */ = {isa = PBXBuildFile; fileRef = 471C508722C6D18D007F73E9 /* FetchedResultsControllerProtocol.swift */; };
		47A6ED3922CA90A20034A854 /* FetchRequestAssociation.swift in Sources */ = {isa = PBXBuildFile; fileRef = 471C508D22C6D18D007F73E9 /* FetchRequestAssociation.swift */; };
		47A6ED3A22CA90A20034A854 /* FetchedResultsController.swift in Sources */ = {isa = PBXBuildFile; fileRef = 471C509122C6D18D007F73E9 /* FetchedResultsController.swift */; };
		47A6ED3B22CA90A20034A854 /* PausableFetchedResultsController.swift in Sources */ = {isa = PBXBuildFile; fileRef = 471C508F22C6D18D007F73E9 /* PausableFetchedResultsController.swift */; };
		47A6ED3C22CA90A20034A854 /* CollectionType+SortDescriptors.swift in Sources */ = {isa = PBXBuildFile; fileRef = 471C508B22C6D18D007F73E9 /* CollectionType+SortDescriptors.swift */; };
		47A6ED3E22CA90A20034A854 /* Logging.swift in Sources */ = {isa = PBXBuildFile; fileRef = 471C508822C6D18D007F73E9 /* Logging.swift */; };
		47A6ED3F22CA90A20034A854 /* FetchableEntityID.swift in Sources */ = {isa = PBXBuildFile; fileRef = 471C509422C6D18D007F73E9 /* FetchableEntityID.swift */; };
		47A6ED4022CA90A20034A854 /* FetchableObject.swift in Sources */ = {isa = PBXBuildFile; fileRef = 471C509322C6D18D007F73E9 /* FetchableObject.swift */; };
		47A6ED4D22CA90A40034A854 /* PaginatingFetchedResultsControllerTestCase.swift in Sources */ = {isa = PBXBuildFile; fileRef = 471C50AF22C6D337007F73E9 /* PaginatingFetchedResultsControllerTestCase.swift */; };
		47A6ED4E22CA90A40034A854 /* TestObject+Associations.swift in Sources */ = {isa = PBXBuildFile; fileRef = 471C50B722C6D337007F73E9 /* TestObject+Associations.swift */; };
		47A6ED4F22CA90A40034A854 /* CollapsibleSectionsFetchedResultsControllerTestCase.swift in Sources */ = {isa = PBXBuildFile; fileRef = 471C50AC22C6D337007F73E9 /* CollapsibleSectionsFetchedResultsControllerTestCase.swift */; };
		47A6ED5022CA90A40034A854 /* PausableFetchedResultsControllerTestCase.swift in Sources */ = {isa = PBXBuildFile; fileRef = 471C50AE22C6D337007F73E9 /* PausableFetchedResultsControllerTestCase.swift */; };
		47A6ED5122CA90A40034A854 /* TestObject+FetchableObject.swift in Sources */ = {isa = PBXBuildFile; fileRef = 471C50B622C6D337007F73E9 /* TestObject+FetchableObject.swift */; };
		47A6ED5222CA90A40034A854 /* FetchedResultsControllerTestHarness.swift in Sources */ = {isa = PBXBuildFile; fileRef = 471C50B022C6D337007F73E9 /* FetchedResultsControllerTestHarness.swift */; };
		47A6ED5322CA90A40034A854 /* FetchRequestAssociationTestCase.swift in Sources */ = {isa = PBXBuildFile; fileRef = 471C50B422C6D337007F73E9 /* FetchRequestAssociationTestCase.swift */; };
		47A6ED5422CA90A40034A854 /* FetchableObjectProtocolTestCase.swift in Sources */ = {isa = PBXBuildFile; fileRef = 471C50B522C6D337007F73E9 /* FetchableObjectProtocolTestCase.swift */; };
		47A6ED5522CA90A40034A854 /* TestObject.swift in Sources */ = {isa = PBXBuildFile; fileRef = 471C50B222C6D337007F73E9 /* TestObject.swift */; };
		47A6ED5622CA90A40034A854 /* FetchedResultsControllerTestCase.swift in Sources */ = {isa = PBXBuildFile; fileRef = 471C50B122C6D337007F73E9 /* FetchedResultsControllerTestCase.swift */; };
		47A6ED6422CAA6060034A854 /* FetchRequests.framework in Frameworks */ = {isa = PBXBuildFile; fileRef = 47A6ED1522CA905A0034A854 /* FetchRequests.framework */; };
		47A6ED6922CAA61B0034A854 /* FetchRequests.framework in Frameworks */ = {isa = PBXBuildFile; fileRef = 47A6ED4622CA90A20034A854 /* FetchRequests.framework */; };
		47A6ED7822CAA92F0034A854 /* IndexPath+Convenience.swift in Sources */ = {isa = PBXBuildFile; fileRef = 47A6ED7722CAA92F0034A854 /* IndexPath+Convenience.swift */; };
		47A6ED7922CAA92F0034A854 /* IndexPath+Convenience.swift in Sources */ = {isa = PBXBuildFile; fileRef = 47A6ED7722CAA92F0034A854 /* IndexPath+Convenience.swift */; };
		47A6ED7A22CAA92F0034A854 /* IndexPath+Convenience.swift in Sources */ = {isa = PBXBuildFile; fileRef = 47A6ED7722CAA92F0034A854 /* IndexPath+Convenience.swift */; };
		47A6ED7B22CAA92F0034A854 /* IndexPath+Convenience.swift in Sources */ = {isa = PBXBuildFile; fileRef = 47A6ED7722CAA92F0034A854 /* IndexPath+Convenience.swift */; };
		47B31B4F2330649300D6EB66 /* TestObject+Associations.swift in Sources */ = {isa = PBXBuildFile; fileRef = 471C50B722C6D337007F73E9 /* TestObject+Associations.swift */; };
		47B31B512330671E00D6EB66 /* TestObject+FetchRequests.swift in Sources */ = {isa = PBXBuildFile; fileRef = 47B31B502330671E00D6EB66 /* TestObject+FetchRequests.swift */; };
		47B31B522330671E00D6EB66 /* TestObject+FetchRequests.swift in Sources */ = {isa = PBXBuildFile; fileRef = 47B31B502330671E00D6EB66 /* TestObject+FetchRequests.swift */; };
		47B31B532330671E00D6EB66 /* TestObject+FetchRequests.swift in Sources */ = {isa = PBXBuildFile; fileRef = 47B31B502330671E00D6EB66 /* TestObject+FetchRequests.swift */; };
		47B31B542330696D00D6EB66 /* CollapsibleSectionsFetchedResultsControllerTestCase.swift in Sources */ = {isa = PBXBuildFile; fileRef = 471C50AC22C6D337007F73E9 /* CollapsibleSectionsFetchedResultsControllerTestCase.swift */; };
		47B31B562330697200D6EB66 /* PausableFetchedResultsControllerTestCase.swift in Sources */ = {isa = PBXBuildFile; fileRef = 471C50AE22C6D337007F73E9 /* PausableFetchedResultsControllerTestCase.swift */; };
		47B31B572330697500D6EB66 /* PaginatingFetchedResultsControllerTestCase.swift in Sources */ = {isa = PBXBuildFile; fileRef = 471C50AF22C6D337007F73E9 /* PaginatingFetchedResultsControllerTestCase.swift */; };
		47B31B582330697700D6EB66 /* FetchedResultsControllerTestCase.swift in Sources */ = {isa = PBXBuildFile; fileRef = 471C50B122C6D337007F73E9 /* FetchedResultsControllerTestCase.swift */; };
		47C4ECE52335E969004F16D0 /* JSONTestCase.swift in Sources */ = {isa = PBXBuildFile; fileRef = 47C4ECE42335E969004F16D0 /* JSONTestCase.swift */; };
		47C4ECE62335E969004F16D0 /* JSONTestCase.swift in Sources */ = {isa = PBXBuildFile; fileRef = 47C4ECE42335E969004F16D0 /* JSONTestCase.swift */; };
		47C4ECE72335E969004F16D0 /* JSONTestCase.swift in Sources */ = {isa = PBXBuildFile; fileRef = 47C4ECE42335E969004F16D0 /* JSONTestCase.swift */; };
		47C4ECE923361358004F16D0 /* LoggingTestCase.swift in Sources */ = {isa = PBXBuildFile; fileRef = 47C4ECE823361358004F16D0 /* LoggingTestCase.swift */; };
		47C4ECEA23361AF6004F16D0 /* LoggingTestCase.swift in Sources */ = {isa = PBXBuildFile; fileRef = 47C4ECE823361358004F16D0 /* LoggingTestCase.swift */; };
		47C4ECEB23361AF7004F16D0 /* LoggingTestCase.swift in Sources */ = {isa = PBXBuildFile; fileRef = 47C4ECE823361358004F16D0 /* LoggingTestCase.swift */; };
		47D33F072334163100E247E4 /* JSON.swift in Sources */ = {isa = PBXBuildFile; fileRef = 47D33F062334163100E247E4 /* JSON.swift */; };
		47D33F082334163100E247E4 /* JSON.swift in Sources */ = {isa = PBXBuildFile; fileRef = 47D33F062334163100E247E4 /* JSON.swift */; };
		47D33F092334163100E247E4 /* JSON.swift in Sources */ = {isa = PBXBuildFile; fileRef = 47D33F062334163100E247E4 /* JSON.swift */; };
		47D33F0A2334163100E247E4 /* JSON.swift in Sources */ = {isa = PBXBuildFile; fileRef = 47D33F062334163100E247E4 /* JSON.swift */; };
		47FB808F237CE816008F5438 /* BoxedJSON.swift in Sources */ = {isa = PBXBuildFile; fileRef = 47FB808E237CE816008F5438 /* BoxedJSON.swift */; };
		47FB8090237CE816008F5438 /* BoxedJSON.swift in Sources */ = {isa = PBXBuildFile; fileRef = 47FB808E237CE816008F5438 /* BoxedJSON.swift */; };
		47FB8091237CE816008F5438 /* BoxedJSON.swift in Sources */ = {isa = PBXBuildFile; fileRef = 47FB808E237CE816008F5438 /* BoxedJSON.swift */; };
		47FB8092237CE816008F5438 /* BoxedJSON.swift in Sources */ = {isa = PBXBuildFile; fileRef = 47FB808E237CE816008F5438 /* BoxedJSON.swift */; };
		6623972F267D034D009B696F /* FetchableRequest.swift in Sources */ = {isa = PBXBuildFile; fileRef = 6623972E267D034D009B696F /* FetchableRequest.swift */; };
		66239730267D034D009B696F /* FetchableRequest.swift in Sources */ = {isa = PBXBuildFile; fileRef = 6623972E267D034D009B696F /* FetchableRequest.swift */; };
		66239731267D034D009B696F /* FetchableRequest.swift in Sources */ = {isa = PBXBuildFile; fileRef = 6623972E267D034D009B696F /* FetchableRequest.swift */; };
		66239732267D034D009B696F /* FetchableRequest.swift in Sources */ = {isa = PBXBuildFile; fileRef = 6623972E267D034D009B696F /* FetchableRequest.swift */; };
		66239737267D03C0009B696F /* TestObject+FetchableObject.swift in Sources */ = {isa = PBXBuildFile; fileRef = 471C50B622C6D337007F73E9 /* TestObject+FetchableObject.swift */; };
		66239738267D03C0009B696F /* TestObject+FetchRequests.swift in Sources */ = {isa = PBXBuildFile; fileRef = 47B31B502330671E00D6EB66 /* TestObject+FetchRequests.swift */; };
		66239739267D03C0009B696F /* PausableFetchedResultsControllerTestCase.swift in Sources */ = {isa = PBXBuildFile; fileRef = 471C50AE22C6D337007F73E9 /* PausableFetchedResultsControllerTestCase.swift */; };
		6623973A267D03C0009B696F /* FetchedResultsControllerTestHarness.swift in Sources */ = {isa = PBXBuildFile; fileRef = 471C50B022C6D337007F73E9 /* FetchedResultsControllerTestHarness.swift */; };
		6623973B267D03C0009B696F /* FetchRequestAssociationTestCase.swift in Sources */ = {isa = PBXBuildFile; fileRef = 471C50B422C6D337007F73E9 /* FetchRequestAssociationTestCase.swift */; };
		6623973C267D03C0009B696F /* JSONTestCase.swift in Sources */ = {isa = PBXBuildFile; fileRef = 47C4ECE42335E969004F16D0 /* JSONTestCase.swift */; };
		6623973D267D03C0009B696F /* PaginatingFetchedResultsControllerTestCase.swift in Sources */ = {isa = PBXBuildFile; fileRef = 471C50AF22C6D337007F73E9 /* PaginatingFetchedResultsControllerTestCase.swift */; };
		6623973E267D03C0009B696F /* FetchableObjectProtocolTestCase.swift in Sources */ = {isa = PBXBuildFile; fileRef = 471C50B522C6D337007F73E9 /* FetchableObjectProtocolTestCase.swift */; };
		6623973F267D03C0009B696F /* FetchedResultsControllerTestCase.swift in Sources */ = {isa = PBXBuildFile; fileRef = 471C50B122C6D337007F73E9 /* FetchedResultsControllerTestCase.swift */; };
		66239740267D03C0009B696F /* CollapsibleSectionsFetchedResultsControllerTestCase.swift in Sources */ = {isa = PBXBuildFile; fileRef = 471C50AC22C6D337007F73E9 /* CollapsibleSectionsFetchedResultsControllerTestCase.swift */; };
		66239741267D03C0009B696F /* TestObject+Associations.swift in Sources */ = {isa = PBXBuildFile; fileRef = 471C50B722C6D337007F73E9 /* TestObject+Associations.swift */; };
		66239742267D03C0009B696F /* LoggingTestCase.swift in Sources */ = {isa = PBXBuildFile; fileRef = 47C4ECE823361358004F16D0 /* LoggingTestCase.swift */; };
		66239744267D03C0009B696F /* TestObject.swift in Sources */ = {isa = PBXBuildFile; fileRef = 471C50B222C6D337007F73E9 /* TestObject.swift */; };
		66239746267D03C0009B696F /* FetchRequests.framework in Frameworks */ = {isa = PBXBuildFile; fileRef = 471C506C22C6D0DB007F73E9 /* FetchRequests.framework */; };
/* End PBXBuildFile section */

/* Begin PBXContainerItemProxy section */
		471C507722C6D0DC007F73E9 /* PBXContainerItemProxy */ = {
			isa = PBXContainerItemProxy;
			containerPortal = 471C506322C6D0DB007F73E9 /* Project object */;
			proxyType = 1;
			remoteGlobalIDString = 471C506B22C6D0DB007F73E9;
			remoteInfo = FetchRequests;
		};
		47A6ED6522CAA60C0034A854 /* PBXContainerItemProxy */ = {
			isa = PBXContainerItemProxy;
			containerPortal = 471C506322C6D0DB007F73E9 /* Project object */;
			proxyType = 1;
			remoteGlobalIDString = 47A6ECFD22CA905A0034A854;
			remoteInfo = "FetchRequests-tvOS";
		};
		47A6ED6722CAA6170034A854 /* PBXContainerItemProxy */ = {
			isa = PBXContainerItemProxy;
			containerPortal = 471C506322C6D0DB007F73E9 /* Project object */;
			proxyType = 1;
			remoteGlobalIDString = 47A6ED2E22CA90A20034A854;
			remoteInfo = "FetchRequests-macOS";
		};
		6623974D267D07A1009B696F /* PBXContainerItemProxy */ = {
			isa = PBXContainerItemProxy;
			containerPortal = 471C506322C6D0DB007F73E9 /* Project object */;
			proxyType = 1;
			remoteGlobalIDString = 47A6ECCC22CA8FA80034A854;
			remoteInfo = "FetchRequests-watchOS";
		};
/* End PBXContainerItemProxy section */

/* Begin PBXFileReference section */
		2A8096F826AA46C70035BFB4 /* FetchableRequestTestCase.swift */ = {isa = PBXFileReference; lastKnownFileType = sourcecode.swift; path = FetchableRequestTestCase.swift; sourceTree = "<group>"; };
		2AB9762F26A7A8DC0086AA77 /* OrderedSetCompat.swift */ = {isa = PBXFileReference; lastKnownFileType = sourcecode.swift; path = OrderedSetCompat.swift; sourceTree = "<group>"; };
		4719618122C6DC6C000BBE6B /* CHANGELOG.md */ = {isa = PBXFileReference; lastKnownFileType = net.daringfireball.markdown; path = CHANGELOG.md; sourceTree = "<group>"; };
		471C506C22C6D0DB007F73E9 /* FetchRequests.framework */ = {isa = PBXFileReference; explicitFileType = wrapper.framework; includeInIndex = 0; path = FetchRequests.framework; sourceTree = BUILT_PRODUCTS_DIR; };
		471C506F22C6D0DB007F73E9 /* FetchRequests.h */ = {isa = PBXFileReference; lastKnownFileType = sourcecode.c.h; path = FetchRequests.h; sourceTree = "<group>"; };
		471C507022C6D0DB007F73E9 /* Info.plist */ = {isa = PBXFileReference; lastKnownFileType = text.plist.xml; path = Info.plist; sourceTree = "<group>"; };
		471C507522C6D0DC007F73E9 /* FetchRequests-iOSTests.xctest */ = {isa = PBXFileReference; explicitFileType = wrapper.cfbundle; includeInIndex = 0; path = "FetchRequests-iOSTests.xctest"; sourceTree = BUILT_PRODUCTS_DIR; };
		471C507C22C6D0DC007F73E9 /* TestsInfo.plist */ = {isa = PBXFileReference; lastKnownFileType = text.plist.xml; name = TestsInfo.plist; path = ../TestsInfo.plist; sourceTree = "<group>"; };
		471C508722C6D18D007F73E9 /* FetchedResultsControllerProtocol.swift */ = {isa = PBXFileReference; fileEncoding = 4; lastKnownFileType = sourcecode.swift; path = FetchedResultsControllerProtocol.swift; sourceTree = "<group>"; };
		471C508822C6D18D007F73E9 /* Logging.swift */ = {isa = PBXFileReference; fileEncoding = 4; lastKnownFileType = sourcecode.swift; path = Logging.swift; sourceTree = "<group>"; };
		471C508922C6D18D007F73E9 /* ObservableToken.swift */ = {isa = PBXFileReference; fileEncoding = 4; lastKnownFileType = sourcecode.swift; path = ObservableToken.swift; sourceTree = "<group>"; };
		471C508A22C6D18D007F73E9 /* AssociatedValueReference.swift */ = {isa = PBXFileReference; fileEncoding = 4; lastKnownFileType = sourcecode.swift; path = AssociatedValueReference.swift; sourceTree = "<group>"; };
		471C508B22C6D18D007F73E9 /* CollectionType+SortDescriptors.swift */ = {isa = PBXFileReference; fileEncoding = 4; lastKnownFileType = sourcecode.swift; path = "CollectionType+SortDescriptors.swift"; sourceTree = "<group>"; };
		471C508C22C6D18D007F73E9 /* PaginatingFetchDefinition.swift */ = {isa = PBXFileReference; fileEncoding = 4; lastKnownFileType = sourcecode.swift; path = PaginatingFetchDefinition.swift; sourceTree = "<group>"; };
		471C508D22C6D18D007F73E9 /* FetchRequestAssociation.swift */ = {isa = PBXFileReference; fileEncoding = 4; lastKnownFileType = sourcecode.swift; path = FetchRequestAssociation.swift; sourceTree = "<group>"; };
		471C508E22C6D18D007F73E9 /* CollapsibleSectionsFetchedResultsController.swift */ = {isa = PBXFileReference; fileEncoding = 4; lastKnownFileType = sourcecode.swift; path = CollapsibleSectionsFetchedResultsController.swift; sourceTree = "<group>"; };
		471C508F22C6D18D007F73E9 /* PausableFetchedResultsController.swift */ = {isa = PBXFileReference; fileEncoding = 4; lastKnownFileType = sourcecode.swift; path = PausableFetchedResultsController.swift; sourceTree = "<group>"; };
		471C509022C6D18D007F73E9 /* FetchDefinition.swift */ = {isa = PBXFileReference; fileEncoding = 4; lastKnownFileType = sourcecode.swift; path = FetchDefinition.swift; sourceTree = "<group>"; };
		471C509122C6D18D007F73E9 /* FetchedResultsController.swift */ = {isa = PBXFileReference; fileEncoding = 4; lastKnownFileType = sourcecode.swift; path = FetchedResultsController.swift; sourceTree = "<group>"; };
		471C509322C6D18D007F73E9 /* FetchableObject.swift */ = {isa = PBXFileReference; fileEncoding = 4; lastKnownFileType = sourcecode.swift; path = FetchableObject.swift; sourceTree = "<group>"; };
		471C509422C6D18D007F73E9 /* FetchableEntityID.swift */ = {isa = PBXFileReference; fileEncoding = 4; lastKnownFileType = sourcecode.swift; path = FetchableEntityID.swift; sourceTree = "<group>"; };
		471C50AC22C6D337007F73E9 /* CollapsibleSectionsFetchedResultsControllerTestCase.swift */ = {isa = PBXFileReference; fileEncoding = 4; lastKnownFileType = sourcecode.swift; path = CollapsibleSectionsFetchedResultsControllerTestCase.swift; sourceTree = "<group>"; };
		471C50AE22C6D337007F73E9 /* PausableFetchedResultsControllerTestCase.swift */ = {isa = PBXFileReference; fileEncoding = 4; lastKnownFileType = sourcecode.swift; path = PausableFetchedResultsControllerTestCase.swift; sourceTree = "<group>"; };
		471C50AF22C6D337007F73E9 /* PaginatingFetchedResultsControllerTestCase.swift */ = {isa = PBXFileReference; fileEncoding = 4; lastKnownFileType = sourcecode.swift; path = PaginatingFetchedResultsControllerTestCase.swift; sourceTree = "<group>"; };
		471C50B022C6D337007F73E9 /* FetchedResultsControllerTestHarness.swift */ = {isa = PBXFileReference; fileEncoding = 4; lastKnownFileType = sourcecode.swift; path = FetchedResultsControllerTestHarness.swift; sourceTree = "<group>"; };
		471C50B122C6D337007F73E9 /* FetchedResultsControllerTestCase.swift */ = {isa = PBXFileReference; fileEncoding = 4; lastKnownFileType = sourcecode.swift; path = FetchedResultsControllerTestCase.swift; sourceTree = "<group>"; };
		471C50B222C6D337007F73E9 /* TestObject.swift */ = {isa = PBXFileReference; fileEncoding = 4; lastKnownFileType = sourcecode.swift; path = TestObject.swift; sourceTree = "<group>"; };
		471C50B422C6D337007F73E9 /* FetchRequestAssociationTestCase.swift */ = {isa = PBXFileReference; fileEncoding = 4; lastKnownFileType = sourcecode.swift; path = FetchRequestAssociationTestCase.swift; sourceTree = "<group>"; };
		471C50B522C6D337007F73E9 /* FetchableObjectProtocolTestCase.swift */ = {isa = PBXFileReference; fileEncoding = 4; lastKnownFileType = sourcecode.swift; path = FetchableObjectProtocolTestCase.swift; sourceTree = "<group>"; };
		471C50B622C6D337007F73E9 /* TestObject+FetchableObject.swift */ = {isa = PBXFileReference; fileEncoding = 4; lastKnownFileType = sourcecode.swift; path = "TestObject+FetchableObject.swift"; sourceTree = "<group>"; };
		471C50B722C6D337007F73E9 /* TestObject+Associations.swift */ = {isa = PBXFileReference; fileEncoding = 4; lastKnownFileType = sourcecode.swift; path = "TestObject+Associations.swift"; sourceTree = "<group>"; };
		47A6ECE422CA8FA80034A854 /* FetchRequests.framework */ = {isa = PBXFileReference; explicitFileType = wrapper.framework; includeInIndex = 0; path = FetchRequests.framework; sourceTree = BUILT_PRODUCTS_DIR; };
		47A6ED1522CA905A0034A854 /* FetchRequests.framework */ = {isa = PBXFileReference; explicitFileType = wrapper.framework; includeInIndex = 0; path = FetchRequests.framework; sourceTree = BUILT_PRODUCTS_DIR; };
		47A6ED2C22CA90640034A854 /* FetchRequests-tvOSTests.xctest */ = {isa = PBXFileReference; explicitFileType = wrapper.cfbundle; includeInIndex = 0; path = "FetchRequests-tvOSTests.xctest"; sourceTree = BUILT_PRODUCTS_DIR; };
		47A6ED4622CA90A20034A854 /* FetchRequests.framework */ = {isa = PBXFileReference; explicitFileType = wrapper.framework; includeInIndex = 0; path = FetchRequests.framework; sourceTree = BUILT_PRODUCTS_DIR; };
		47A6ED5D22CA90A40034A854 /* FetchRequests-macOSTests.xctest */ = {isa = PBXFileReference; explicitFileType = wrapper.cfbundle; includeInIndex = 0; path = "FetchRequests-macOSTests.xctest"; sourceTree = BUILT_PRODUCTS_DIR; };
		47A6ED7722CAA92F0034A854 /* IndexPath+Convenience.swift */ = {isa = PBXFileReference; lastKnownFileType = sourcecode.swift; path = "IndexPath+Convenience.swift"; sourceTree = "<group>"; };
		47B31B502330671E00D6EB66 /* TestObject+FetchRequests.swift */ = {isa = PBXFileReference; lastKnownFileType = sourcecode.swift; path = "TestObject+FetchRequests.swift"; sourceTree = "<group>"; };
		47B4771722C6D7860008C56E /* README.md */ = {isa = PBXFileReference; lastKnownFileType = net.daringfireball.markdown; path = README.md; sourceTree = "<group>"; };
		47B4771822C6D7860008C56E /* LICENSE */ = {isa = PBXFileReference; lastKnownFileType = text; path = LICENSE; sourceTree = "<group>"; };
		47C4ECE42335E969004F16D0 /* JSONTestCase.swift */ = {isa = PBXFileReference; lastKnownFileType = sourcecode.swift; path = JSONTestCase.swift; sourceTree = "<group>"; };
		47C4ECE823361358004F16D0 /* LoggingTestCase.swift */ = {isa = PBXFileReference; lastKnownFileType = sourcecode.swift; path = LoggingTestCase.swift; sourceTree = "<group>"; };
		47D33F062334163100E247E4 /* JSON.swift */ = {isa = PBXFileReference; lastKnownFileType = sourcecode.swift; path = JSON.swift; sourceTree = "<group>"; };
		47FB808E237CE816008F5438 /* BoxedJSON.swift */ = {isa = PBXFileReference; lastKnownFileType = sourcecode.swift; path = BoxedJSON.swift; sourceTree = "<group>"; };
		6623972E267D034D009B696F /* FetchableRequest.swift */ = {isa = PBXFileReference; fileEncoding = 4; lastKnownFileType = sourcecode.swift; path = FetchableRequest.swift; sourceTree = "<group>"; };
		6623974B267D03C0009B696F /* FetchRequests-watchOSTests.xctest */ = {isa = PBXFileReference; explicitFileType = wrapper.cfbundle; includeInIndex = 0; path = "FetchRequests-watchOSTests.xctest"; sourceTree = BUILT_PRODUCTS_DIR; };
/* End PBXFileReference section */

/* Begin PBXFrameworksBuildPhase section */
		471C506922C6D0DB007F73E9 /* Frameworks */ = {
			isa = PBXFrameworksBuildPhase;
			buildActionMask = 2147483647;
			files = (
				2A97F51426A8B43100027D90 /* Collections in Frameworks */,
			);
			runOnlyForDeploymentPostprocessing = 0;
		};
		471C507222C6D0DC007F73E9 /* Frameworks */ = {
			isa = PBXFrameworksBuildPhase;
			buildActionMask = 2147483647;
			files = (
				471C507622C6D0DC007F73E9 /* FetchRequests.framework in Frameworks */,
			);
			runOnlyForDeploymentPostprocessing = 0;
		};
		47A6ECDF22CA8FA80034A854 /* Frameworks */ = {
			isa = PBXFrameworksBuildPhase;
			buildActionMask = 2147483647;
			files = (
				2A97F51B26A8B44F00027D90 /* Collections in Frameworks */,
			);
			runOnlyForDeploymentPostprocessing = 0;
		};
		47A6ED1022CA905A0034A854 /* Frameworks */ = {
			isa = PBXFrameworksBuildPhase;
			buildActionMask = 2147483647;
			files = (
				2A97F51926A8B44B00027D90 /* Collections in Frameworks */,
			);
			runOnlyForDeploymentPostprocessing = 0;
		};
		47A6ED2622CA90640034A854 /* Frameworks */ = {
			isa = PBXFrameworksBuildPhase;
			buildActionMask = 2147483647;
			files = (
				47A6ED6422CAA6060034A854 /* FetchRequests.framework in Frameworks */,
			);
			runOnlyForDeploymentPostprocessing = 0;
		};
		47A6ED4122CA90A20034A854 /* Frameworks */ = {
			isa = PBXFrameworksBuildPhase;
			buildActionMask = 2147483647;
			files = (
				2A97F51726A8B44400027D90 /* Collections in Frameworks */,
			);
			runOnlyForDeploymentPostprocessing = 0;
		};
		47A6ED5722CA90A40034A854 /* Frameworks */ = {
			isa = PBXFrameworksBuildPhase;
			buildActionMask = 2147483647;
			files = (
				47A6ED6922CAA61B0034A854 /* FetchRequests.framework in Frameworks */,
			);
			runOnlyForDeploymentPostprocessing = 0;
		};
		66239745267D03C0009B696F /* Frameworks */ = {
			isa = PBXFrameworksBuildPhase;
			buildActionMask = 2147483647;
			files = (
				66239746267D03C0009B696F /* FetchRequests.framework in Frameworks */,
			);
			runOnlyForDeploymentPostprocessing = 0;
		};
/* End PBXFrameworksBuildPhase section */

/* Begin PBXGroup section */
		2A8096F726AA469C0035BFB4 /* SwiftUI */ = {
			isa = PBXGroup;
			children = (
				2A8096F826AA46C70035BFB4 /* FetchableRequestTestCase.swift */,
			);
			path = SwiftUI;
			sourceTree = "<group>";
		};
		2A97F51526A8B44400027D90 /* Frameworks */ = {
			isa = PBXGroup;
			children = (
			);
			name = Frameworks;
			sourceTree = "<group>";
		};
		471C506222C6D0DB007F73E9 = {
			isa = PBXGroup;
			children = (
				47B4771822C6D7860008C56E /* LICENSE */,
				47B4771722C6D7860008C56E /* README.md */,
				4719618122C6DC6C000BBE6B /* CHANGELOG.md */,
				471C506E22C6D0DB007F73E9 /* FetchRequests */,
				471C507922C6D0DC007F73E9 /* Tests */,
				471C506D22C6D0DB007F73E9 /* Products */,
				2A97F51526A8B44400027D90 /* Frameworks */,
			);
			sourceTree = "<group>";
		};
		471C506D22C6D0DB007F73E9 /* Products */ = {
			isa = PBXGroup;
			children = (
				471C506C22C6D0DB007F73E9 /* FetchRequests.framework */,
				471C507522C6D0DC007F73E9 /* FetchRequests-iOSTests.xctest */,
				47A6ECE422CA8FA80034A854 /* FetchRequests.framework */,
				47A6ED1522CA905A0034A854 /* FetchRequests.framework */,
				47A6ED2C22CA90640034A854 /* FetchRequests-tvOSTests.xctest */,
				47A6ED4622CA90A20034A854 /* FetchRequests.framework */,
				47A6ED5D22CA90A40034A854 /* FetchRequests-macOSTests.xctest */,
				6623974B267D03C0009B696F /* FetchRequests-watchOSTests.xctest */,
			);
			name = Products;
			sourceTree = "<group>";
		};
		471C506E22C6D0DB007F73E9 /* FetchRequests */ = {
			isa = PBXGroup;
			children = (
				471C506F22C6D0DB007F73E9 /* FetchRequests.h */,
				471C508622C6D18D007F73E9 /* Sources */,
				471C507022C6D0DB007F73E9 /* Info.plist */,
			);
			path = FetchRequests;
			sourceTree = "<group>";
		};
		471C507922C6D0DC007F73E9 /* Tests */ = {
			isa = PBXGroup;
			children = (
				471C50AB22C6D337007F73E9 /* Controllers */,
				471C50B322C6D337007F73E9 /* Models */,
				2A8096F726AA469C0035BFB4 /* SwiftUI */,
				471C50B222C6D337007F73E9 /* TestObject.swift */,
				471C50B722C6D337007F73E9 /* TestObject+Associations.swift */,
				47B31B502330671E00D6EB66 /* TestObject+FetchRequests.swift */,
				471C50B622C6D337007F73E9 /* TestObject+FetchableObject.swift */,
				471C507C22C6D0DC007F73E9 /* TestsInfo.plist */,
			);
			name = Tests;
			path = FetchRequests/Tests;
			sourceTree = "<group>";
		};
		471C508622C6D18D007F73E9 /* Sources */ = {
			isa = PBXGroup;
			children = (
				471C50A822C6D1D6007F73E9 /* Controller */,
				471C50A922C6D203007F73E9 /* Requests */,
				471C50AA22C6D244007F73E9 /* Associations */,
				6623972D267D034D009B696F /* SwiftUI */,
				471C508822C6D18D007F73E9 /* Logging.swift */,
				47A6ED7722CAA92F0034A854 /* IndexPath+Convenience.swift */,
				471C508B22C6D18D007F73E9 /* CollectionType+SortDescriptors.swift */,
				471C509322C6D18D007F73E9 /* FetchableObject.swift */,
				47D33F062334163100E247E4 /* JSON.swift */,
				47FB808E237CE816008F5438 /* BoxedJSON.swift */,
				2AB9762F26A7A8DC0086AA77 /* OrderedSetCompat.swift */,
			);
			path = Sources;
			sourceTree = "<group>";
		};
		471C50A822C6D1D6007F73E9 /* Controller */ = {
			isa = PBXGroup;
			children = (
				471C508722C6D18D007F73E9 /* FetchedResultsControllerProtocol.swift */,
				471C509122C6D18D007F73E9 /* FetchedResultsController.swift */,
				471C508E22C6D18D007F73E9 /* CollapsibleSectionsFetchedResultsController.swift */,
				471C508F22C6D18D007F73E9 /* PausableFetchedResultsController.swift */,
			);
			path = Controller;
			sourceTree = "<group>";
		};
		471C50A922C6D203007F73E9 /* Requests */ = {
			isa = PBXGroup;
			children = (
				471C509022C6D18D007F73E9 /* FetchDefinition.swift */,
				471C508C22C6D18D007F73E9 /* PaginatingFetchDefinition.swift */,
			);
			path = Requests;
			sourceTree = "<group>";
		};
		471C50AA22C6D244007F73E9 /* Associations */ = {
			isa = PBXGroup;
			children = (
				471C508A22C6D18D007F73E9 /* AssociatedValueReference.swift */,
				471C508D22C6D18D007F73E9 /* FetchRequestAssociation.swift */,
				471C509422C6D18D007F73E9 /* FetchableEntityID.swift */,
				471C508922C6D18D007F73E9 /* ObservableToken.swift */,
			);
			path = Associations;
			sourceTree = "<group>";
		};
		471C50AB22C6D337007F73E9 /* Controllers */ = {
			isa = PBXGroup;
			children = (
				471C50AC22C6D337007F73E9 /* CollapsibleSectionsFetchedResultsControllerTestCase.swift */,
				471C50AE22C6D337007F73E9 /* PausableFetchedResultsControllerTestCase.swift */,
				471C50AF22C6D337007F73E9 /* PaginatingFetchedResultsControllerTestCase.swift */,
				471C50B022C6D337007F73E9 /* FetchedResultsControllerTestHarness.swift */,
				471C50B122C6D337007F73E9 /* FetchedResultsControllerTestCase.swift */,
			);
			path = Controllers;
			sourceTree = "<group>";
		};
		471C50B322C6D337007F73E9 /* Models */ = {
			isa = PBXGroup;
			children = (
				47C4ECE823361358004F16D0 /* LoggingTestCase.swift */,
				47C4ECE42335E969004F16D0 /* JSONTestCase.swift */,
				471C50B422C6D337007F73E9 /* FetchRequestAssociationTestCase.swift */,
				471C50B522C6D337007F73E9 /* FetchableObjectProtocolTestCase.swift */,
			);
			path = Models;
			sourceTree = "<group>";
		};
		6623972D267D034D009B696F /* SwiftUI */ = {
			isa = PBXGroup;
			children = (
				6623972E267D034D009B696F /* FetchableRequest.swift */,
			);
			path = SwiftUI;
			sourceTree = "<group>";
		};
/* End PBXGroup section */

/* Begin PBXHeadersBuildPhase section */
		471C506722C6D0DB007F73E9 /* Headers */ = {
			isa = PBXHeadersBuildPhase;
			buildActionMask = 2147483647;
			files = (
				471C507D22C6D0DC007F73E9 /* FetchRequests.h in Headers */,
			);
			runOnlyForDeploymentPostprocessing = 0;
		};
		47A6ECCD22CA8FA80034A854 /* Headers */ = {
			isa = PBXHeadersBuildPhase;
			buildActionMask = 2147483647;
			files = (
				47A6ECCE22CA8FA80034A854 /* FetchRequests.h in Headers */,
			);
			runOnlyForDeploymentPostprocessing = 0;
		};
		47A6ECFE22CA905A0034A854 /* Headers */ = {
			isa = PBXHeadersBuildPhase;
			buildActionMask = 2147483647;
			files = (
				47A6ECFF22CA905A0034A854 /* FetchRequests.h in Headers */,
			);
			runOnlyForDeploymentPostprocessing = 0;
		};
		47A6ED2F22CA90A20034A854 /* Headers */ = {
			isa = PBXHeadersBuildPhase;
			buildActionMask = 2147483647;
			files = (
				47A6ED3022CA90A20034A854 /* FetchRequests.h in Headers */,
			);
			runOnlyForDeploymentPostprocessing = 0;
		};
/* End PBXHeadersBuildPhase section */

/* Begin PBXNativeTarget section */
		471C506B22C6D0DB007F73E9 /* FetchRequests-iOS */ = {
			isa = PBXNativeTarget;
			buildConfigurationList = 471C508022C6D0DC007F73E9 /* Build configuration list for PBXNativeTarget "FetchRequests-iOS" */;
			buildPhases = (
				471C506722C6D0DB007F73E9 /* Headers */,
				471C506822C6D0DB007F73E9 /* Sources */,
				471C506922C6D0DB007F73E9 /* Frameworks */,
				471C506A22C6D0DB007F73E9 /* Resources */,
			);
			buildRules = (
			);
			dependencies = (
			);
			name = "FetchRequests-iOS";
			packageProductDependencies = (
				2A97F51326A8B43100027D90 /* Collections */,
			);
			productName = FetchRequests;
			productReference = 471C506C22C6D0DB007F73E9 /* FetchRequests.framework */;
			productType = "com.apple.product-type.framework";
		};
		471C507422C6D0DC007F73E9 /* FetchRequests-iOSTests */ = {
			isa = PBXNativeTarget;
			buildConfigurationList = 471C508322C6D0DC007F73E9 /* Build configuration list for PBXNativeTarget "FetchRequests-iOSTests" */;
			buildPhases = (
				471C507122C6D0DC007F73E9 /* Sources */,
				471C507222C6D0DC007F73E9 /* Frameworks */,
				471C507322C6D0DC007F73E9 /* Resources */,
			);
			buildRules = (
			);
			dependencies = (
				471C507822C6D0DC007F73E9 /* PBXTargetDependency */,
			);
			name = "FetchRequests-iOSTests";
			productName = FetchRequestsTests;
			productReference = 471C507522C6D0DC007F73E9 /* FetchRequests-iOSTests.xctest */;
			productType = "com.apple.product-type.bundle.unit-test";
		};
		47A6ECCC22CA8FA80034A854 /* FetchRequests-watchOS */ = {
			isa = PBXNativeTarget;
			buildConfigurationList = 47A6ECE122CA8FA80034A854 /* Build configuration list for PBXNativeTarget "FetchRequests-watchOS" */;
			buildPhases = (
				47A6ECCD22CA8FA80034A854 /* Headers */,
				47A6ECCF22CA8FA80034A854 /* Sources */,
				47A6ECDF22CA8FA80034A854 /* Frameworks */,
				47A6ECE022CA8FA80034A854 /* Resources */,
			);
			buildRules = (
			);
			dependencies = (
			);
			name = "FetchRequests-watchOS";
			packageProductDependencies = (
				2A97F51A26A8B44F00027D90 /* Collections */,
			);
			productName = FetchRequests;
			productReference = 47A6ECE422CA8FA80034A854 /* FetchRequests.framework */;
			productType = "com.apple.product-type.framework";
		};
		47A6ECFD22CA905A0034A854 /* FetchRequests-tvOS */ = {
			isa = PBXNativeTarget;
			buildConfigurationList = 47A6ED1222CA905A0034A854 /* Build configuration list for PBXNativeTarget "FetchRequests-tvOS" */;
			buildPhases = (
				47A6ECFE22CA905A0034A854 /* Headers */,
				47A6ED0022CA905A0034A854 /* Sources */,
				47A6ED1022CA905A0034A854 /* Frameworks */,
				47A6ED1122CA905A0034A854 /* Resources */,
			);
			buildRules = (
			);
			dependencies = (
			);
			name = "FetchRequests-tvOS";
			packageProductDependencies = (
				2A97F51826A8B44B00027D90 /* Collections */,
			);
			productName = FetchRequests;
			productReference = 47A6ED1522CA905A0034A854 /* FetchRequests.framework */;
			productType = "com.apple.product-type.framework";
		};
		47A6ED1722CA90640034A854 /* FetchRequests-tvOSTests */ = {
			isa = PBXNativeTarget;
			buildConfigurationList = 47A6ED2922CA90640034A854 /* Build configuration list for PBXNativeTarget "FetchRequests-tvOSTests" */;
			buildPhases = (
				47A6ED1A22CA90640034A854 /* Sources */,
				47A6ED2622CA90640034A854 /* Frameworks */,
				47A6ED2822CA90640034A854 /* Resources */,
			);
			buildRules = (
			);
			dependencies = (
				47A6ED6622CAA60C0034A854 /* PBXTargetDependency */,
			);
			name = "FetchRequests-tvOSTests";
			productName = FetchRequestsTests;
			productReference = 47A6ED2C22CA90640034A854 /* FetchRequests-tvOSTests.xctest */;
			productType = "com.apple.product-type.bundle.unit-test";
		};
		47A6ED2E22CA90A20034A854 /* FetchRequests-macOS */ = {
			isa = PBXNativeTarget;
			buildConfigurationList = 47A6ED4322CA90A20034A854 /* Build configuration list for PBXNativeTarget "FetchRequests-macOS" */;
			buildPhases = (
				47A6ED2F22CA90A20034A854 /* Headers */,
				47A6ED3122CA90A20034A854 /* Sources */,
				47A6ED4122CA90A20034A854 /* Frameworks */,
				47A6ED4222CA90A20034A854 /* Resources */,
			);
			buildRules = (
			);
			dependencies = (
			);
			name = "FetchRequests-macOS";
			packageProductDependencies = (
				2A97F51626A8B44400027D90 /* Collections */,
			);
			productName = FetchRequests;
			productReference = 47A6ED4622CA90A20034A854 /* FetchRequests.framework */;
			productType = "com.apple.product-type.framework";
		};
		47A6ED4822CA90A40034A854 /* FetchRequests-macOSTests */ = {
			isa = PBXNativeTarget;
			buildConfigurationList = 47A6ED5A22CA90A40034A854 /* Build configuration list for PBXNativeTarget "FetchRequests-macOSTests" */;
			buildPhases = (
				47A6ED4B22CA90A40034A854 /* Sources */,
				47A6ED5722CA90A40034A854 /* Frameworks */,
				47A6ED5922CA90A40034A854 /* Resources */,
			);
			buildRules = (
			);
			dependencies = (
				47A6ED6822CAA6170034A854 /* PBXTargetDependency */,
			);
			name = "FetchRequests-macOSTests";
			productName = FetchRequestsTests;
			productReference = 47A6ED5D22CA90A40034A854 /* FetchRequests-macOSTests.xctest */;
			productType = "com.apple.product-type.bundle.unit-test";
		};
		66239733267D03C0009B696F /* FetchRequests-watchOSTests */ = {
			isa = PBXNativeTarget;
			buildConfigurationList = 66239748267D03C0009B696F /* Build configuration list for PBXNativeTarget "FetchRequests-watchOSTests" */;
			buildPhases = (
				66239736267D03C0009B696F /* Sources */,
				66239745267D03C0009B696F /* Frameworks */,
				66239747267D03C0009B696F /* Resources */,
			);
			buildRules = (
			);
			dependencies = (
				6623974E267D07A1009B696F /* PBXTargetDependency */,
			);
			name = "FetchRequests-watchOSTests";
			productName = FetchRequestsTests;
			productReference = 6623974B267D03C0009B696F /* FetchRequests-watchOSTests.xctest */;
			productType = "com.apple.product-type.bundle.unit-test";
		};
/* End PBXNativeTarget section */

/* Begin PBXProject section */
		471C506322C6D0DB007F73E9 /* Project object */ = {
			isa = PBXProject;
			attributes = {
				CLASSPREFIX = "";
				LastSwiftUpdateCheck = 1100;
				LastUpgradeCheck = 1400;
				ORGANIZATIONNAME = "Speramus Inc.";
				TargetAttributes = {
					471C506B22C6D0DB007F73E9 = {
						CreatedOnToolsVersion = 11.0;
					};
					471C507422C6D0DC007F73E9 = {
						CreatedOnToolsVersion = 11.0;
					};
				};
			};
			buildConfigurationList = 471C506622C6D0DB007F73E9 /* Build configuration list for PBXProject "FetchRequests" */;
			compatibilityVersion = "Xcode 12.0";
			developmentRegion = en;
			hasScannedForEncodings = 0;
			knownRegions = (
				en,
				Base,
			);
			mainGroup = 471C506222C6D0DB007F73E9;
			packageReferences = (
				2A97F51226A8B43100027D90 /* XCRemoteSwiftPackageReference "swift-collections" */,
			);
			productRefGroup = 471C506D22C6D0DB007F73E9 /* Products */;
			projectDirPath = "";
			projectRoot = "";
			targets = (
				471C506B22C6D0DB007F73E9 /* FetchRequests-iOS */,
				471C507422C6D0DC007F73E9 /* FetchRequests-iOSTests */,
				47A6ED2E22CA90A20034A854 /* FetchRequests-macOS */,
				47A6ED4822CA90A40034A854 /* FetchRequests-macOSTests */,
				47A6ECFD22CA905A0034A854 /* FetchRequests-tvOS */,
				47A6ED1722CA90640034A854 /* FetchRequests-tvOSTests */,
				47A6ECCC22CA8FA80034A854 /* FetchRequests-watchOS */,
				66239733267D03C0009B696F /* FetchRequests-watchOSTests */,
			);
		};
/* End PBXProject section */

/* Begin PBXResourcesBuildPhase section */
		471C506A22C6D0DB007F73E9 /* Resources */ = {
			isa = PBXResourcesBuildPhase;
			buildActionMask = 2147483647;
			files = (
			);
			runOnlyForDeploymentPostprocessing = 0;
		};
		471C507322C6D0DC007F73E9 /* Resources */ = {
			isa = PBXResourcesBuildPhase;
			buildActionMask = 2147483647;
			files = (
			);
			runOnlyForDeploymentPostprocessing = 0;
		};
		47A6ECE022CA8FA80034A854 /* Resources */ = {
			isa = PBXResourcesBuildPhase;
			buildActionMask = 2147483647;
			files = (
			);
			runOnlyForDeploymentPostprocessing = 0;
		};
		47A6ED1122CA905A0034A854 /* Resources */ = {
			isa = PBXResourcesBuildPhase;
			buildActionMask = 2147483647;
			files = (
			);
			runOnlyForDeploymentPostprocessing = 0;
		};
		47A6ED2822CA90640034A854 /* Resources */ = {
			isa = PBXResourcesBuildPhase;
			buildActionMask = 2147483647;
			files = (
			);
			runOnlyForDeploymentPostprocessing = 0;
		};
		47A6ED4222CA90A20034A854 /* Resources */ = {
			isa = PBXResourcesBuildPhase;
			buildActionMask = 2147483647;
			files = (
			);
			runOnlyForDeploymentPostprocessing = 0;
		};
		47A6ED5922CA90A40034A854 /* Resources */ = {
			isa = PBXResourcesBuildPhase;
			buildActionMask = 2147483647;
			files = (
			);
			runOnlyForDeploymentPostprocessing = 0;
		};
		66239747267D03C0009B696F /* Resources */ = {
			isa = PBXResourcesBuildPhase;
			buildActionMask = 2147483647;
			files = (
			);
			runOnlyForDeploymentPostprocessing = 0;
		};
/* End PBXResourcesBuildPhase section */

/* Begin PBXSourcesBuildPhase section */
		471C506822C6D0DB007F73E9 /* Sources */ = {
			isa = PBXSourcesBuildPhase;
			buildActionMask = 2147483647;
			files = (
				471C509D22C6D18D007F73E9 /* PaginatingFetchDefinition.swift in Sources */,
				471C509A22C6D18D007F73E9 /* ObservableToken.swift in Sources */,
				47A6ED7822CAA92F0034A854 /* IndexPath+Convenience.swift in Sources */,
				47FB808F237CE816008F5438 /* BoxedJSON.swift in Sources */,
				471C509B22C6D18D007F73E9 /* AssociatedValueReference.swift in Sources */,
				471C509F22C6D18D007F73E9 /* CollapsibleSectionsFetchedResultsController.swift in Sources */,
				471C50A122C6D18D007F73E9 /* FetchDefinition.swift in Sources */,
				471C509822C6D18D007F73E9 /* FetchedResultsControllerProtocol.swift in Sources */,
				471C509E22C6D18D007F73E9 /* FetchRequestAssociation.swift in Sources */,
				471C50A222C6D18D007F73E9 /* FetchedResultsController.swift in Sources */,
				2AB9763026A7A8DC0086AA77 /* OrderedSetCompat.swift in Sources */,
				471C50A022C6D18D007F73E9 /* PausableFetchedResultsController.swift in Sources */,
				471C509C22C6D18D007F73E9 /* CollectionType+SortDescriptors.swift in Sources */,
				6623972F267D034D009B696F /* FetchableRequest.swift in Sources */,
				471C509922C6D18D007F73E9 /* Logging.swift in Sources */,
				47D33F072334163100E247E4 /* JSON.swift in Sources */,
				471C50A522C6D18D007F73E9 /* FetchableEntityID.swift in Sources */,
				471C50A422C6D18D007F73E9 /* FetchableObject.swift in Sources */,
			);
			runOnlyForDeploymentPostprocessing = 0;
		};
		471C507122C6D0DC007F73E9 /* Sources */ = {
			isa = PBXSourcesBuildPhase;
			buildActionMask = 2147483647;
			files = (
				471C50C122C6D337007F73E9 /* TestObject+FetchableObject.swift in Sources */,
				47B31B512330671E00D6EB66 /* TestObject+FetchRequests.swift in Sources */,
				47B31B562330697200D6EB66 /* PausableFetchedResultsControllerTestCase.swift in Sources */,
				471C50BC22C6D337007F73E9 /* FetchedResultsControllerTestHarness.swift in Sources */,
				2A8096F926AA46C70035BFB4 /* FetchableRequestTestCase.swift in Sources */,
				471C50BF22C6D337007F73E9 /* FetchRequestAssociationTestCase.swift in Sources */,
				47C4ECE52335E969004F16D0 /* JSONTestCase.swift in Sources */,
				47B31B572330697500D6EB66 /* PaginatingFetchedResultsControllerTestCase.swift in Sources */,
				471C50C022C6D337007F73E9 /* FetchableObjectProtocolTestCase.swift in Sources */,
				47B31B582330697700D6EB66 /* FetchedResultsControllerTestCase.swift in Sources */,
				47B31B542330696D00D6EB66 /* CollapsibleSectionsFetchedResultsControllerTestCase.swift in Sources */,
				47B31B4F2330649300D6EB66 /* TestObject+Associations.swift in Sources */,
				47C4ECE923361358004F16D0 /* LoggingTestCase.swift in Sources */,
				471C50BE22C6D337007F73E9 /* TestObject.swift in Sources */,
			);
			runOnlyForDeploymentPostprocessing = 0;
		};
		47A6ECCF22CA8FA80034A854 /* Sources */ = {
			isa = PBXSourcesBuildPhase;
			buildActionMask = 2147483647;
			files = (
				47A6ECD022CA8FA80034A854 /* PaginatingFetchDefinition.swift in Sources */,
				47A6ECD122CA8FA80034A854 /* ObservableToken.swift in Sources */,
				47A6ED7922CAA92F0034A854 /* IndexPath+Convenience.swift in Sources */,
				47FB8092237CE816008F5438 /* BoxedJSON.swift in Sources */,
				47A6ECD322CA8FA80034A854 /* AssociatedValueReference.swift in Sources */,
				47A6ECD422CA8FA80034A854 /* CollapsibleSectionsFetchedResultsController.swift in Sources */,
				47A6ECD522CA8FA80034A854 /* FetchDefinition.swift in Sources */,
				47A6ECD622CA8FA80034A854 /* FetchedResultsControllerProtocol.swift in Sources */,
				47A6ECD722CA8FA80034A854 /* FetchRequestAssociation.swift in Sources */,
				47A6ECD822CA8FA80034A854 /* FetchedResultsController.swift in Sources */,
				2AB9763326A7A8DC0086AA77 /* OrderedSetCompat.swift in Sources */,
				47A6ECD922CA8FA80034A854 /* PausableFetchedResultsController.swift in Sources */,
				47A6ECDA22CA8FA80034A854 /* CollectionType+SortDescriptors.swift in Sources */,
				66239732267D034D009B696F /* FetchableRequest.swift in Sources */,
				47A6ECDC22CA8FA80034A854 /* Logging.swift in Sources */,
				47D33F0A2334163100E247E4 /* JSON.swift in Sources */,
				47A6ECDD22CA8FA80034A854 /* FetchableEntityID.swift in Sources */,
				47A6ECDE22CA8FA80034A854 /* FetchableObject.swift in Sources */,
			);
			runOnlyForDeploymentPostprocessing = 0;
		};
		47A6ED0022CA905A0034A854 /* Sources */ = {
			isa = PBXSourcesBuildPhase;
			buildActionMask = 2147483647;
			files = (
				47A6ED0122CA905A0034A854 /* PaginatingFetchDefinition.swift in Sources */,
				47A6ED0222CA905A0034A854 /* ObservableToken.swift in Sources */,
				47A6ED7A22CAA92F0034A854 /* IndexPath+Convenience.swift in Sources */,
				47FB8091237CE816008F5438 /* BoxedJSON.swift in Sources */,
				47A6ED0422CA905A0034A854 /* AssociatedValueReference.swift in Sources */,
				47A6ED0522CA905A0034A854 /* CollapsibleSectionsFetchedResultsController.swift in Sources */,
				47A6ED0622CA905A0034A854 /* FetchDefinition.swift in Sources */,
				47A6ED0722CA905A0034A854 /* FetchedResultsControllerProtocol.swift in Sources */,
				47A6ED0822CA905A0034A854 /* FetchRequestAssociation.swift in Sources */,
				47A6ED0922CA905A0034A854 /* FetchedResultsController.swift in Sources */,
				2AB9763226A7A8DC0086AA77 /* OrderedSetCompat.swift in Sources */,
				47A6ED0A22CA905A0034A854 /* PausableFetchedResultsController.swift in Sources */,
				47A6ED0B22CA905A0034A854 /* CollectionType+SortDescriptors.swift in Sources */,
				66239731267D034D009B696F /* FetchableRequest.swift in Sources */,
				47A6ED0D22CA905A0034A854 /* Logging.swift in Sources */,
				47D33F092334163100E247E4 /* JSON.swift in Sources */,
				47A6ED0E22CA905A0034A854 /* FetchableEntityID.swift in Sources */,
				47A6ED0F22CA905A0034A854 /* FetchableObject.swift in Sources */,
			);
			runOnlyForDeploymentPostprocessing = 0;
		};
		47A6ED1A22CA90640034A854 /* Sources */ = {
			isa = PBXSourcesBuildPhase;
			buildActionMask = 2147483647;
			files = (
				47A6ED1C22CA90640034A854 /* PaginatingFetchedResultsControllerTestCase.swift in Sources */,
				47A6ED1D22CA90640034A854 /* TestObject+Associations.swift in Sources */,
				47A6ED1E22CA90640034A854 /* CollapsibleSectionsFetchedResultsControllerTestCase.swift in Sources */,
				47A6ED1F22CA90640034A854 /* PausableFetchedResultsControllerTestCase.swift in Sources */,
				2A8096FB26AA46C70035BFB4 /* FetchableRequestTestCase.swift in Sources */,
				47C4ECE72335E969004F16D0 /* JSONTestCase.swift in Sources */,
				47A6ED2022CA90640034A854 /* TestObject+FetchableObject.swift in Sources */,
				47A6ED2122CA90640034A854 /* FetchedResultsControllerTestHarness.swift in Sources */,
				47A6ED2222CA90640034A854 /* FetchRequestAssociationTestCase.swift in Sources */,
				47B31B532330671E00D6EB66 /* TestObject+FetchRequests.swift in Sources */,
				47A6ED2322CA90640034A854 /* FetchableObjectProtocolTestCase.swift in Sources */,
				47C4ECEB23361AF7004F16D0 /* LoggingTestCase.swift in Sources */,
				47A6ED2422CA90640034A854 /* TestObject.swift in Sources */,
				47A6ED2522CA90640034A854 /* FetchedResultsControllerTestCase.swift in Sources */,
			);
			runOnlyForDeploymentPostprocessing = 0;
		};
		47A6ED3122CA90A20034A854 /* Sources */ = {
			isa = PBXSourcesBuildPhase;
			buildActionMask = 2147483647;
			files = (
				47A6ED3222CA90A20034A854 /* PaginatingFetchDefinition.swift in Sources */,
				47A6ED3322CA90A20034A854 /* ObservableToken.swift in Sources */,
				47A6ED7B22CAA92F0034A854 /* IndexPath+Convenience.swift in Sources */,
				47FB8090237CE816008F5438 /* BoxedJSON.swift in Sources */,
				47A6ED3522CA90A20034A854 /* AssociatedValueReference.swift in Sources */,
				47A6ED3622CA90A20034A854 /* CollapsibleSectionsFetchedResultsController.swift in Sources */,
				47A6ED3722CA90A20034A854 /* FetchDefinition.swift in Sources */,
				47A6ED3822CA90A20034A854 /* FetchedResultsControllerProtocol.swift in Sources */,
				47A6ED3922CA90A20034A854 /* FetchRequestAssociation.swift in Sources */,
				47A6ED3A22CA90A20034A854 /* FetchedResultsController.swift in Sources */,
				2AB9763126A7A8DC0086AA77 /* OrderedSetCompat.swift in Sources */,
				47A6ED3B22CA90A20034A854 /* PausableFetchedResultsController.swift in Sources */,
				47A6ED3C22CA90A20034A854 /* CollectionType+SortDescriptors.swift in Sources */,
				66239730267D034D009B696F /* FetchableRequest.swift in Sources */,
				47A6ED3E22CA90A20034A854 /* Logging.swift in Sources */,
				47D33F082334163100E247E4 /* JSON.swift in Sources */,
				47A6ED3F22CA90A20034A854 /* FetchableEntityID.swift in Sources */,
				47A6ED4022CA90A20034A854 /* FetchableObject.swift in Sources */,
			);
			runOnlyForDeploymentPostprocessing = 0;
		};
		47A6ED4B22CA90A40034A854 /* Sources */ = {
			isa = PBXSourcesBuildPhase;
			buildActionMask = 2147483647;
			files = (
				47A6ED4D22CA90A40034A854 /* PaginatingFetchedResultsControllerTestCase.swift in Sources */,
				47A6ED4E22CA90A40034A854 /* TestObject+Associations.swift in Sources */,
				47A6ED4F22CA90A40034A854 /* CollapsibleSectionsFetchedResultsControllerTestCase.swift in Sources */,
				47A6ED5022CA90A40034A854 /* PausableFetchedResultsControllerTestCase.swift in Sources */,
				2A8096FA26AA46C70035BFB4 /* FetchableRequestTestCase.swift in Sources */,
				47C4ECE62335E969004F16D0 /* JSONTestCase.swift in Sources */,
				47A6ED5122CA90A40034A854 /* TestObject+FetchableObject.swift in Sources */,
				47A6ED5222CA90A40034A854 /* FetchedResultsControllerTestHarness.swift in Sources */,
				47A6ED5322CA90A40034A854 /* FetchRequestAssociationTestCase.swift in Sources */,
				47B31B522330671E00D6EB66 /* TestObject+FetchRequests.swift in Sources */,
				47A6ED5422CA90A40034A854 /* FetchableObjectProtocolTestCase.swift in Sources */,
				47C4ECEA23361AF6004F16D0 /* LoggingTestCase.swift in Sources */,
				47A6ED5522CA90A40034A854 /* TestObject.swift in Sources */,
				47A6ED5622CA90A40034A854 /* FetchedResultsControllerTestCase.swift in Sources */,
			);
			runOnlyForDeploymentPostprocessing = 0;
		};
		66239736267D03C0009B696F /* Sources */ = {
			isa = PBXSourcesBuildPhase;
			buildActionMask = 2147483647;
			files = (
				66239737267D03C0009B696F /* TestObject+FetchableObject.swift in Sources */,
				66239738267D03C0009B696F /* TestObject+FetchRequests.swift in Sources */,
				66239739267D03C0009B696F /* PausableFetchedResultsControllerTestCase.swift in Sources */,
				6623973A267D03C0009B696F /* FetchedResultsControllerTestHarness.swift in Sources */,
				2A8096FC26AA46C70035BFB4 /* FetchableRequestTestCase.swift in Sources */,
				6623973B267D03C0009B696F /* FetchRequestAssociationTestCase.swift in Sources */,
				6623973C267D03C0009B696F /* JSONTestCase.swift in Sources */,
				6623973D267D03C0009B696F /* PaginatingFetchedResultsControllerTestCase.swift in Sources */,
				6623973E267D03C0009B696F /* FetchableObjectProtocolTestCase.swift in Sources */,
				6623973F267D03C0009B696F /* FetchedResultsControllerTestCase.swift in Sources */,
				66239740267D03C0009B696F /* CollapsibleSectionsFetchedResultsControllerTestCase.swift in Sources */,
				66239741267D03C0009B696F /* TestObject+Associations.swift in Sources */,
				66239742267D03C0009B696F /* LoggingTestCase.swift in Sources */,
				66239744267D03C0009B696F /* TestObject.swift in Sources */,
			);
			runOnlyForDeploymentPostprocessing = 0;
		};
/* End PBXSourcesBuildPhase section */

/* Begin PBXTargetDependency section */
		471C507822C6D0DC007F73E9 /* PBXTargetDependency */ = {
			isa = PBXTargetDependency;
			target = 471C506B22C6D0DB007F73E9 /* FetchRequests-iOS */;
			targetProxy = 471C507722C6D0DC007F73E9 /* PBXContainerItemProxy */;
		};
		47A6ED6622CAA60C0034A854 /* PBXTargetDependency */ = {
			isa = PBXTargetDependency;
			target = 47A6ECFD22CA905A0034A854 /* FetchRequests-tvOS */;
			targetProxy = 47A6ED6522CAA60C0034A854 /* PBXContainerItemProxy */;
		};
		47A6ED6822CAA6170034A854 /* PBXTargetDependency */ = {
			isa = PBXTargetDependency;
			target = 47A6ED2E22CA90A20034A854 /* FetchRequests-macOS */;
			targetProxy = 47A6ED6722CAA6170034A854 /* PBXContainerItemProxy */;
		};
		6623974E267D07A1009B696F /* PBXTargetDependency */ = {
			isa = PBXTargetDependency;
			target = 47A6ECCC22CA8FA80034A854 /* FetchRequests-watchOS */;
			targetProxy = 6623974D267D07A1009B696F /* PBXContainerItemProxy */;
		};
/* End PBXTargetDependency section */

/* Begin XCBuildConfiguration section */
		471C507E22C6D0DC007F73E9 /* Debug */ = {
			isa = XCBuildConfiguration;
			buildSettings = {
				ALWAYS_SEARCH_USER_PATHS = NO;
				APPLICATION_EXTENSION_API_ONLY = YES;
				CLANG_ANALYZER_NONNULL = YES;
				CLANG_ANALYZER_NUMBER_OBJECT_CONVERSION = YES_AGGRESSIVE;
				CLANG_CXX_LANGUAGE_STANDARD = "gnu++14";
				CLANG_CXX_LIBRARY = "libc++";
				CLANG_ENABLE_MODULES = YES;
				CLANG_ENABLE_OBJC_ARC = YES;
				CLANG_ENABLE_OBJC_WEAK = YES;
				CLANG_WARN_BLOCK_CAPTURE_AUTORELEASING = YES;
				CLANG_WARN_BOOL_CONVERSION = YES;
				CLANG_WARN_COMMA = YES;
				CLANG_WARN_CONSTANT_CONVERSION = YES;
				CLANG_WARN_DEPRECATED_OBJC_IMPLEMENTATIONS = YES;
				CLANG_WARN_DIRECT_OBJC_ISA_USAGE = YES_ERROR;
				CLANG_WARN_DOCUMENTATION_COMMENTS = YES;
				CLANG_WARN_EMPTY_BODY = YES;
				CLANG_WARN_ENUM_CONVERSION = YES;
				CLANG_WARN_INFINITE_RECURSION = YES;
				CLANG_WARN_INT_CONVERSION = YES;
				CLANG_WARN_NON_LITERAL_NULL_CONVERSION = YES;
				CLANG_WARN_OBJC_IMPLICIT_RETAIN_SELF = YES;
				CLANG_WARN_OBJC_LITERAL_CONVERSION = YES;
				CLANG_WARN_OBJC_ROOT_CLASS = YES_ERROR;
				CLANG_WARN_QUOTED_INCLUDE_IN_FRAMEWORK_HEADER = YES;
				CLANG_WARN_RANGE_LOOP_ANALYSIS = YES;
				CLANG_WARN_STRICT_PROTOTYPES = YES;
				CLANG_WARN_SUSPICIOUS_MOVE = YES;
				CLANG_WARN_UNGUARDED_AVAILABILITY = YES_AGGRESSIVE;
				CLANG_WARN_UNREACHABLE_CODE = YES;
				CLANG_WARN__DUPLICATE_METHOD_MATCH = YES;
				CODE_SIGN_STYLE = Manual;
				COPY_PHASE_STRIP = NO;
				CURRENT_PROJECT_VERSION = 1;
				DEBUG_INFORMATION_FORMAT = dwarf;
				DEFINES_MODULE = YES;
				DYLIB_COMPATIBILITY_VERSION = 1;
				DYLIB_CURRENT_VERSION = 1;
				ENABLE_STRICT_OBJC_MSGSEND = YES;
				ENABLE_TESTABILITY = YES;
				GCC_C_LANGUAGE_STANDARD = gnu11;
				GCC_DYNAMIC_NO_PIC = NO;
				GCC_NO_COMMON_BLOCKS = YES;
				GCC_OPTIMIZATION_LEVEL = 0;
				GCC_PREPROCESSOR_DEFINITIONS = (
					"DEBUG=1",
					"$(inherited)",
				);
				GCC_WARN_64_TO_32_BIT_CONVERSION = YES;
				GCC_WARN_ABOUT_RETURN_TYPE = YES_ERROR;
				GCC_WARN_UNDECLARED_SELECTOR = YES;
				GCC_WARN_UNINITIALIZED_AUTOS = YES_AGGRESSIVE;
				GCC_WARN_UNUSED_FUNCTION = YES;
				GCC_WARN_UNUSED_VARIABLE = YES;
				INFOPLIST_FILE = FetchRequests/Info.plist;
				IPHONEOS_DEPLOYMENT_TARGET = 13.0;
				MACOSX_DEPLOYMENT_TARGET = 10.15;
				MARKETING_VERSION = 4.0;
				MTL_ENABLE_DEBUG_INFO = INCLUDE_SOURCE;
				MTL_FAST_MATH = YES;
				ONLY_ACTIVE_ARCH = YES;
				PRODUCT_BUNDLE_IDENTIFIER = com.crewapp.FetchRequests;
				PRODUCT_NAME = FetchRequests;
				SDKROOT = iphoneos;
				SKIP_INSTALL = YES;
				SWIFT_ACTIVE_COMPILATION_CONDITIONS = DEBUG;
				SWIFT_OPTIMIZATION_LEVEL = "-Onone";
				SWIFT_STRICT_CONCURRENCY = targeted;
				SWIFT_SWIFT3_OBJC_INFERENCE = Off;
				SWIFT_VERSION = 5.0;
				TARGETED_DEVICE_FAMILY = "";
				TVOS_DEPLOYMENT_TARGET = 13.0;
				VERSIONING_SYSTEM = "apple-generic";
				VERSION_INFO_PREFIX = "";
				WATCHOS_DEPLOYMENT_TARGET = 6.0;
			};
			name = Debug;
		};
		471C507F22C6D0DC007F73E9 /* Release */ = {
			isa = XCBuildConfiguration;
			buildSettings = {
				ALWAYS_SEARCH_USER_PATHS = NO;
				APPLICATION_EXTENSION_API_ONLY = YES;
				CLANG_ANALYZER_NONNULL = YES;
				CLANG_ANALYZER_NUMBER_OBJECT_CONVERSION = YES_AGGRESSIVE;
				CLANG_CXX_LANGUAGE_STANDARD = "gnu++14";
				CLANG_CXX_LIBRARY = "libc++";
				CLANG_ENABLE_MODULES = YES;
				CLANG_ENABLE_OBJC_ARC = YES;
				CLANG_ENABLE_OBJC_WEAK = YES;
				CLANG_WARN_BLOCK_CAPTURE_AUTORELEASING = YES;
				CLANG_WARN_BOOL_CONVERSION = YES;
				CLANG_WARN_COMMA = YES;
				CLANG_WARN_CONSTANT_CONVERSION = YES;
				CLANG_WARN_DEPRECATED_OBJC_IMPLEMENTATIONS = YES;
				CLANG_WARN_DIRECT_OBJC_ISA_USAGE = YES_ERROR;
				CLANG_WARN_DOCUMENTATION_COMMENTS = YES;
				CLANG_WARN_EMPTY_BODY = YES;
				CLANG_WARN_ENUM_CONVERSION = YES;
				CLANG_WARN_INFINITE_RECURSION = YES;
				CLANG_WARN_INT_CONVERSION = YES;
				CLANG_WARN_NON_LITERAL_NULL_CONVERSION = YES;
				CLANG_WARN_OBJC_IMPLICIT_RETAIN_SELF = YES;
				CLANG_WARN_OBJC_LITERAL_CONVERSION = YES;
				CLANG_WARN_OBJC_ROOT_CLASS = YES_ERROR;
				CLANG_WARN_QUOTED_INCLUDE_IN_FRAMEWORK_HEADER = YES;
				CLANG_WARN_RANGE_LOOP_ANALYSIS = YES;
				CLANG_WARN_STRICT_PROTOTYPES = YES;
				CLANG_WARN_SUSPICIOUS_MOVE = YES;
				CLANG_WARN_UNGUARDED_AVAILABILITY = YES_AGGRESSIVE;
				CLANG_WARN_UNREACHABLE_CODE = YES;
				CLANG_WARN__DUPLICATE_METHOD_MATCH = YES;
				CODE_SIGN_STYLE = Manual;
				COPY_PHASE_STRIP = YES;
				CURRENT_PROJECT_VERSION = 1;
				DEBUG_INFORMATION_FORMAT = "dwarf-with-dsym";
				DEFINES_MODULE = YES;
				DYLIB_COMPATIBILITY_VERSION = 1;
				DYLIB_CURRENT_VERSION = 1;
				ENABLE_NS_ASSERTIONS = NO;
				ENABLE_STRICT_OBJC_MSGSEND = YES;
				GCC_C_LANGUAGE_STANDARD = gnu11;
				GCC_NO_COMMON_BLOCKS = YES;
				GCC_WARN_64_TO_32_BIT_CONVERSION = YES;
				GCC_WARN_ABOUT_RETURN_TYPE = YES_ERROR;
				GCC_WARN_UNDECLARED_SELECTOR = YES;
				GCC_WARN_UNINITIALIZED_AUTOS = YES_AGGRESSIVE;
				GCC_WARN_UNUSED_FUNCTION = YES;
				GCC_WARN_UNUSED_VARIABLE = YES;
				INFOPLIST_FILE = FetchRequests/Info.plist;
				IPHONEOS_DEPLOYMENT_TARGET = 13.0;
				MACOSX_DEPLOYMENT_TARGET = 10.15;
				MARKETING_VERSION = 4.0;
				MTL_ENABLE_DEBUG_INFO = NO;
				MTL_FAST_MATH = YES;
				PRODUCT_BUNDLE_IDENTIFIER = com.crewapp.FetchRequests;
				PRODUCT_NAME = FetchRequests;
				SDKROOT = iphoneos;
				SKIP_INSTALL = YES;
				SWIFT_COMPILATION_MODE = wholemodule;
				SWIFT_OPTIMIZATION_LEVEL = "-O";
				SWIFT_STRICT_CONCURRENCY = targeted;
				SWIFT_SWIFT3_OBJC_INFERENCE = Off;
				SWIFT_VERSION = 5.0;
				TARGETED_DEVICE_FAMILY = "";
				TVOS_DEPLOYMENT_TARGET = 13.0;
				VALIDATE_PRODUCT = YES;
				VERSIONING_SYSTEM = "apple-generic";
				VERSION_INFO_PREFIX = "";
				WATCHOS_DEPLOYMENT_TARGET = 6.0;
			};
			name = Release;
		};
		471C508122C6D0DC007F73E9 /* Debug */ = {
			isa = XCBuildConfiguration;
			buildSettings = {
				DYLIB_INSTALL_NAME_BASE = "@rpath";
				INSTALL_PATH = "$(LOCAL_LIBRARY_DIR)/Frameworks";
				LD_RUNPATH_SEARCH_PATHS = (
					"$(inherited)",
					"@executable_path/Frameworks",
					"@loader_path/Frameworks",
				);
				TARGETED_DEVICE_FAMILY = "1,2";
			};
			name = Debug;
		};
		471C508222C6D0DC007F73E9 /* Release */ = {
			isa = XCBuildConfiguration;
			buildSettings = {
				DYLIB_INSTALL_NAME_BASE = "@rpath";
				INSTALL_PATH = "$(LOCAL_LIBRARY_DIR)/Frameworks";
				LD_RUNPATH_SEARCH_PATHS = (
					"$(inherited)",
					"@executable_path/Frameworks",
					"@loader_path/Frameworks",
				);
				TARGETED_DEVICE_FAMILY = "1,2";
			};
			name = Release;
		};
		471C508422C6D0DC007F73E9 /* Debug */ = {
			isa = XCBuildConfiguration;
			buildSettings = {
				ALWAYS_EMBED_SWIFT_STANDARD_LIBRARIES = YES;
				INFOPLIST_FILE = FetchRequests/TestsInfo.plist;
				LD_RUNPATH_SEARCH_PATHS = (
					"$(inherited)",
					"@executable_path/Frameworks",
					"@loader_path/Frameworks",
				);
				PRODUCT_BUNDLE_IDENTIFIER = com.crewapp.FetchRequestsTests;
				PRODUCT_NAME = "$(TARGET_NAME)";
				TARGETED_DEVICE_FAMILY = "1,2";
			};
			name = Debug;
		};
		471C508522C6D0DC007F73E9 /* Release */ = {
			isa = XCBuildConfiguration;
			buildSettings = {
				ALWAYS_EMBED_SWIFT_STANDARD_LIBRARIES = YES;
				INFOPLIST_FILE = FetchRequests/TestsInfo.plist;
				LD_RUNPATH_SEARCH_PATHS = (
					"$(inherited)",
					"@executable_path/Frameworks",
					"@loader_path/Frameworks",
				);
				PRODUCT_BUNDLE_IDENTIFIER = com.crewapp.FetchRequestsTests;
				PRODUCT_NAME = "$(TARGET_NAME)";
				TARGETED_DEVICE_FAMILY = "1,2";
			};
			name = Release;
		};
		47A6ECE222CA8FA80034A854 /* Debug */ = {
			isa = XCBuildConfiguration;
			buildSettings = {
				DYLIB_INSTALL_NAME_BASE = "@rpath";
				INSTALL_PATH = "$(LOCAL_LIBRARY_DIR)/Frameworks";
				LD_RUNPATH_SEARCH_PATHS = (
					"$(inherited)",
					"@executable_path/Frameworks",
					"@loader_path/Frameworks",
				);
				SDKROOT = watchos;
				TARGETED_DEVICE_FAMILY = 4;
			};
			name = Debug;
		};
		47A6ECE322CA8FA80034A854 /* Release */ = {
			isa = XCBuildConfiguration;
			buildSettings = {
				DYLIB_INSTALL_NAME_BASE = "@rpath";
				INSTALL_PATH = "$(LOCAL_LIBRARY_DIR)/Frameworks";
				LD_RUNPATH_SEARCH_PATHS = (
					"$(inherited)",
					"@executable_path/Frameworks",
					"@loader_path/Frameworks",
				);
				SDKROOT = watchos;
				TARGETED_DEVICE_FAMILY = 4;
			};
			name = Release;
		};
		47A6ED1322CA905A0034A854 /* Debug */ = {
			isa = XCBuildConfiguration;
			buildSettings = {
				DYLIB_INSTALL_NAME_BASE = "@rpath";
				INSTALL_PATH = "$(LOCAL_LIBRARY_DIR)/Frameworks";
				LD_RUNPATH_SEARCH_PATHS = (
					"$(inherited)",
					"@executable_path/Frameworks",
					"@loader_path/Frameworks",
				);
				SDKROOT = appletvos;
				TARGETED_DEVICE_FAMILY = 3;
			};
			name = Debug;
		};
		47A6ED1422CA905A0034A854 /* Release */ = {
			isa = XCBuildConfiguration;
			buildSettings = {
				DYLIB_INSTALL_NAME_BASE = "@rpath";
				INSTALL_PATH = "$(LOCAL_LIBRARY_DIR)/Frameworks";
				LD_RUNPATH_SEARCH_PATHS = (
					"$(inherited)",
					"@executable_path/Frameworks",
					"@loader_path/Frameworks",
				);
				SDKROOT = appletvos;
				TARGETED_DEVICE_FAMILY = 3;
			};
			name = Release;
		};
		47A6ED2A22CA90640034A854 /* Debug */ = {
			isa = XCBuildConfiguration;
			buildSettings = {
				ALWAYS_EMBED_SWIFT_STANDARD_LIBRARIES = YES;
				INFOPLIST_FILE = FetchRequests/TestsInfo.plist;
				LD_RUNPATH_SEARCH_PATHS = (
					"$(inherited)",
					"@executable_path/Frameworks",
					"@loader_path/Frameworks",
				);
				PRODUCT_BUNDLE_IDENTIFIER = com.crewapp.FetchRequestsTests;
				PRODUCT_NAME = "$(TARGET_NAME)";
				SDKROOT = appletvos;
				TARGETED_DEVICE_FAMILY = 3;
			};
			name = Debug;
		};
		47A6ED2B22CA90640034A854 /* Release */ = {
			isa = XCBuildConfiguration;
			buildSettings = {
				ALWAYS_EMBED_SWIFT_STANDARD_LIBRARIES = YES;
				INFOPLIST_FILE = FetchRequests/TestsInfo.plist;
				LD_RUNPATH_SEARCH_PATHS = (
					"$(inherited)",
					"@executable_path/Frameworks",
					"@loader_path/Frameworks",
				);
				PRODUCT_BUNDLE_IDENTIFIER = com.crewapp.FetchRequestsTests;
				PRODUCT_NAME = "$(TARGET_NAME)";
				SDKROOT = appletvos;
				TARGETED_DEVICE_FAMILY = 3;
			};
			name = Release;
		};
		47A6ED4422CA90A20034A854 /* Debug */ = {
			isa = XCBuildConfiguration;
			buildSettings = {
				DEAD_CODE_STRIPPING = YES;
				DYLIB_INSTALL_NAME_BASE = "@rpath";
				INSTALL_PATH = "$(LOCAL_LIBRARY_DIR)/Frameworks";
				LD_RUNPATH_SEARCH_PATHS = (
					"$(inherited)",
					"@executable_path/Frameworks",
					"@loader_path/Frameworks",
				);
				SDKROOT = macosx;
			};
			name = Debug;
		};
		47A6ED4522CA90A20034A854 /* Release */ = {
			isa = XCBuildConfiguration;
			buildSettings = {
				DEAD_CODE_STRIPPING = YES;
				DYLIB_INSTALL_NAME_BASE = "@rpath";
				INSTALL_PATH = "$(LOCAL_LIBRARY_DIR)/Frameworks";
				LD_RUNPATH_SEARCH_PATHS = (
					"$(inherited)",
					"@executable_path/Frameworks",
					"@loader_path/Frameworks",
				);
				SDKROOT = macosx;
			};
			name = Release;
		};
		47A6ED5B22CA90A40034A854 /* Debug */ = {
			isa = XCBuildConfiguration;
			buildSettings = {
				ALWAYS_EMBED_SWIFT_STANDARD_LIBRARIES = YES;
				DEAD_CODE_STRIPPING = YES;
				INFOPLIST_FILE = FetchRequests/TestsInfo.plist;
				LD_RUNPATH_SEARCH_PATHS = (
					"$(inherited)",
					"@executable_path/Frameworks",
					"@loader_path/Frameworks",
				);
				PRODUCT_BUNDLE_IDENTIFIER = com.crewapp.FetchRequestsTests;
				PRODUCT_NAME = "$(TARGET_NAME)";
				SDKROOT = macosx;
			};
			name = Debug;
		};
		47A6ED5C22CA90A40034A854 /* Release */ = {
			isa = XCBuildConfiguration;
			buildSettings = {
				ALWAYS_EMBED_SWIFT_STANDARD_LIBRARIES = YES;
				DEAD_CODE_STRIPPING = YES;
				INFOPLIST_FILE = FetchRequests/TestsInfo.plist;
				LD_RUNPATH_SEARCH_PATHS = (
					"$(inherited)",
					"@executable_path/Frameworks",
					"@loader_path/Frameworks",
				);
				PRODUCT_BUNDLE_IDENTIFIER = com.crewapp.FetchRequestsTests;
				PRODUCT_NAME = "$(TARGET_NAME)";
				SDKROOT = macosx;
			};
			name = Release;
		};
		66239749267D03C0009B696F /* Debug */ = {
			isa = XCBuildConfiguration;
			buildSettings = {
				ALWAYS_EMBED_SWIFT_STANDARD_LIBRARIES = YES;
				INFOPLIST_FILE = FetchRequests/TestsInfo.plist;
				LD_RUNPATH_SEARCH_PATHS = (
					"$(inherited)",
					"@executable_path/Frameworks",
					"@loader_path/Frameworks",
				);
				PRODUCT_BUNDLE_IDENTIFIER = com.crewapp.FetchRequestsTests;
				PRODUCT_NAME = "$(TARGET_NAME)";
				SDKROOT = watchos;
				TARGETED_DEVICE_FAMILY = 4;
			};
			name = Debug;
		};
		6623974A267D03C0009B696F /* Release */ = {
			isa = XCBuildConfiguration;
			buildSettings = {
				ALWAYS_EMBED_SWIFT_STANDARD_LIBRARIES = YES;
				INFOPLIST_FILE = FetchRequests/TestsInfo.plist;
				LD_RUNPATH_SEARCH_PATHS = (
					"$(inherited)",
					"@executable_path/Frameworks",
					"@loader_path/Frameworks",
				);
				PRODUCT_BUNDLE_IDENTIFIER = com.crewapp.FetchRequestsTests;
				PRODUCT_NAME = "$(TARGET_NAME)";
				SDKROOT = watchos;
				TARGETED_DEVICE_FAMILY = 4;
			};
			name = Release;
		};
/* End XCBuildConfiguration section */

/* Begin XCConfigurationList section */
		471C506622C6D0DB007F73E9 /* Build configuration list for PBXProject "FetchRequests" */ = {
			isa = XCConfigurationList;
			buildConfigurations = (
				471C507E22C6D0DC007F73E9 /* Debug */,
				471C507F22C6D0DC007F73E9 /* Release */,
			);
			defaultConfigurationIsVisible = 0;
			defaultConfigurationName = Release;
		};
		471C508022C6D0DC007F73E9 /* Build configuration list for PBXNativeTarget "FetchRequests-iOS" */ = {
			isa = XCConfigurationList;
			buildConfigurations = (
				471C508122C6D0DC007F73E9 /* Debug */,
				471C508222C6D0DC007F73E9 /* Release */,
			);
			defaultConfigurationIsVisible = 0;
			defaultConfigurationName = Release;
		};
		471C508322C6D0DC007F73E9 /* Build configuration list for PBXNativeTarget "FetchRequests-iOSTests" */ = {
			isa = XCConfigurationList;
			buildConfigurations = (
				471C508422C6D0DC007F73E9 /* Debug */,
				471C508522C6D0DC007F73E9 /* Release */,
			);
			defaultConfigurationIsVisible = 0;
			defaultConfigurationName = Release;
		};
		47A6ECE122CA8FA80034A854 /* Build configuration list for PBXNativeTarget "FetchRequests-watchOS" */ = {
			isa = XCConfigurationList;
			buildConfigurations = (
				47A6ECE222CA8FA80034A854 /* Debug */,
				47A6ECE322CA8FA80034A854 /* Release */,
			);
			defaultConfigurationIsVisible = 0;
			defaultConfigurationName = Release;
		};
		47A6ED1222CA905A0034A854 /* Build configuration list for PBXNativeTarget "FetchRequests-tvOS" */ = {
			isa = XCConfigurationList;
			buildConfigurations = (
				47A6ED1322CA905A0034A854 /* Debug */,
				47A6ED1422CA905A0034A854 /* Release */,
			);
			defaultConfigurationIsVisible = 0;
			defaultConfigurationName = Release;
		};
		47A6ED2922CA90640034A854 /* Build configuration list for PBXNativeTarget "FetchRequests-tvOSTests" */ = {
			isa = XCConfigurationList;
			buildConfigurations = (
				47A6ED2A22CA90640034A854 /* Debug */,
				47A6ED2B22CA90640034A854 /* Release */,
			);
			defaultConfigurationIsVisible = 0;
			defaultConfigurationName = Release;
		};
		47A6ED4322CA90A20034A854 /* Build configuration list for PBXNativeTarget "FetchRequests-macOS" */ = {
			isa = XCConfigurationList;
			buildConfigurations = (
				47A6ED4422CA90A20034A854 /* Debug */,
				47A6ED4522CA90A20034A854 /* Release */,
			);
			defaultConfigurationIsVisible = 0;
			defaultConfigurationName = Release;
		};
		47A6ED5A22CA90A40034A854 /* Build configuration list for PBXNativeTarget "FetchRequests-macOSTests" */ = {
			isa = XCConfigurationList;
			buildConfigurations = (
				47A6ED5B22CA90A40034A854 /* Debug */,
				47A6ED5C22CA90A40034A854 /* Release */,
			);
			defaultConfigurationIsVisible = 0;
			defaultConfigurationName = Release;
		};
		66239748267D03C0009B696F /* Build configuration list for PBXNativeTarget "FetchRequests-watchOSTests" */ = {
			isa = XCConfigurationList;
			buildConfigurations = (
				66239749267D03C0009B696F /* Debug */,
				6623974A267D03C0009B696F /* Release */,
			);
			defaultConfigurationIsVisible = 0;
			defaultConfigurationName = Release;
		};
/* End XCConfigurationList section */

/* Begin XCRemoteSwiftPackageReference section */
		2A97F51226A8B43100027D90 /* XCRemoteSwiftPackageReference "swift-collections" */ = {
			isa = XCRemoteSwiftPackageReference;
			repositoryURL = "https://github.com/apple/swift-collections.git";
			requirement = {
				kind = upToNextMajorVersion;
				minimumVersion = 1.0.0;
			};
		};
/* End XCRemoteSwiftPackageReference section */

/* Begin XCSwiftPackageProductDependency section */
		2A97F51326A8B43100027D90 /* Collections */ = {
			isa = XCSwiftPackageProductDependency;
			package = 2A97F51226A8B43100027D90 /* XCRemoteSwiftPackageReference "swift-collections" */;
			productName = Collections;
		};
		2A97F51626A8B44400027D90 /* Collections */ = {
			isa = XCSwiftPackageProductDependency;
			package = 2A97F51226A8B43100027D90 /* XCRemoteSwiftPackageReference "swift-collections" */;
			productName = Collections;
		};
		2A97F51826A8B44B00027D90 /* Collections */ = {
			isa = XCSwiftPackageProductDependency;
			package = 2A97F51226A8B43100027D90 /* XCRemoteSwiftPackageReference "swift-collections" */;
			productName = Collections;
		};
		2A97F51A26A8B44F00027D90 /* Collections */ = {
			isa = XCSwiftPackageProductDependency;
			package = 2A97F51226A8B43100027D90 /* XCRemoteSwiftPackageReference "swift-collections" */;
			productName = Collections;
		};
/* End XCSwiftPackageProductDependency section */
	};
	rootObject = 471C506322C6D0DB007F73E9 /* Project object */;
}
